{
  "lockfileVersion": 1,
  "configVersion": 1,
  "workspaces": {
    "": {
      "name": "autopilot-ai-server",
      "dependencies": {
        "ai": "^6.0.0",
        "hono": "^4.3.9",
        "zod": "^4.3.6",
      },
      "devDependencies": {
        "@types/cors": "^2.8.17",
        "bun-types": "latest",
        "typescript": "^5.0.0",
      },
    },
  },
  "packages": {
    "@ai-sdk/gateway": ["@ai-sdk/gateway@3.0.22", "", { "dependencies": { "@ai-sdk/provider": "3.0.5", "@ai-sdk/provider-utils": "4.0.9", "@vercel/oidc": "3.1.0" }, "peerDependencies": { "zod": "^3.25.76 || ^4.1.8" } }, "sha512-NgnlY73JNuooACHqUIz5uMOEWvqR1MMVbb2soGLMozLY1fgwEIF5iJFDAGa5/YArlzw2ATVU7zQu7HkR/FUjgA=="],

    "@ai-sdk/provider": ["@ai-sdk/provider@3.0.5", "", { "dependencies": { "json-schema": "^0.4.0" } }, "sha512-2Xmoq6DBJqmSl80U6V9z5jJSJP7ehaJJQMy2iFUqTay06wdCqTnPVBBQbtEL8RCChenL+q5DC5H5WzU3vV3v8w=="],

    "@ai-sdk/provider-utils": ["@ai-sdk/provider-utils@4.0.9", "", { "dependencies": { "@ai-sdk/provider": "3.0.5", "@standard-schema/spec": "^1.1.0", "eventsource-parser": "^3.0.6" }, "peerDependencies": { "zod": "^3.25.76 || ^4.1.8" } }, "sha512-bB4r6nfhBOpmoS9mePxjRoCy+LnzP3AfhyMGCkGL4Mn9clVNlqEeKj26zEKEtB6yoSVcT1IQ0Zh9fytwMCDnow=="],

    "@opentelemetry/api": ["@opentelemetry/api@1.9.0", "", {}, "sha512-3giAOQvZiH5F9bMlMiv8+GSPMeqg0dbaeo58/0SlA9sxSqZhnUtxzX9/2FzyhS9sWQf5S0GJE0AKBrFqjpeYcg=="],

    "@standard-schema/spec": ["@standard-schema/spec@1.1.0", "", {}, "sha512-l2aFy5jALhniG5HgqrD6jXLi/rUWrKvqN/qJx6yoJsgKhblVd+iqqU4RCXavm/jPityDo5TCvKMnpjKnOriy0w=="],

    "@types/cors": ["@types/cors@2.8.19", "", { "dependencies": { "@types/node": "*" } }, "sha512-mFNylyeyqN93lfe/9CSxOGREz8cpzAhH+E93xJ4xWQf62V8sQ/24reV2nyzUWM6H6Xji+GGHpkbLe7pVoUEskg=="],

    "@types/node": ["@types/node@25.0.10", "", { "dependencies": { "undici-types": "~7.16.0" } }, "sha512-zWW5KPngR/yvakJgGOmZ5vTBemDoSqF3AcV/LrO5u5wTWyEAVVh+IT39G4gtyAkh3CtTZs8aX/yRM82OfzHJRg=="],

    "@vercel/oidc": ["@vercel/oidc@3.1.0", "", {}, "sha512-Fw28YZpRnA3cAHHDlkt7xQHiJ0fcL+NRcIqsocZQUSmbzeIKRpwttJjik5ZGanXP+vlA4SbTg+AbA3bP363l+w=="],

    "ai": ["ai@6.0.49", "", { "dependencies": { "@ai-sdk/gateway": "3.0.22", "@ai-sdk/provider": "3.0.5", "@ai-sdk/provider-utils": "4.0.9", "@opentelemetry/api": "1.9.0" }, "peerDependencies": { "zod": "^3.25.76 || ^4.1.8" } }, "sha512-LABniBX/0R6Tv+iUK5keUZhZLaZUe4YjP5M2rZ4wAdZ8iKV3EfTAoJxuL1aaWTSJKIilKa9QUEkCgnp89/32bw=="],

    "bun-types": ["bun-types@1.3.6", "", { "dependencies": { "@types/node": "*" } }, "sha512-OlFwHcnNV99r//9v5IIOgQ9Uk37gZqrNMCcqEaExdkVq3Avwqok1bJFmvGMCkCE0FqzdY8VMOZpfpR3lwI+CsQ=="],

    "eventsource-parser": ["eventsource-parser@3.0.6", "", {}, "sha512-Vo1ab+QXPzZ4tCa8SwIHJFaSzy4R6SHf7BY79rFBDf0idraZWAkYrDjDj8uWaSm3S2TK+hJ7/t1CEmZ7jXw+pg=="],

    "hono": ["hono@4.11.5", "", {}, "sha512-WemPi9/WfyMwZs+ZUXdiwcCh9Y+m7L+8vki9MzDw3jJ+W9Lc+12HGsd368Qc1vZi1xwW8BWMMsnK5efYKPdt4g=="],

    "json-schema": ["json-schema@0.4.0", "", {}, "sha512-es94M3nTIfsEPisRafak+HDLfHXnKBhV3vU5eqPcS3flIWqcxJWgXHXiey3YrpaNsanY5ei1VoYEbOzijuq9BA=="],

    "typescript": ["typescript@5.9.3", "", { "bin": { "tsc": "bin/tsc", "tsserver": "bin/tsserver" } }, "sha512-jl1vZzPDinLr9eUt3J/t7V6FgNEw9QjvBPdysz9KfQDD41fQrC2Y4vKQdiaUpFT4bXlb1RHhLpp8wtm6M5TgSw=="],

    "undici-types": ["undici-types@7.16.0", "", {}, "sha512-Zz+aZWSj8LE6zoxD+xrjh4VfkIG8Ya6LvYkZqtUQGJPZjYl53ypCaUwWqo7eI0x66KBGeRo+mlBEkMSeSZ38Nw=="],

    "zod": ["zod@4.3.6", "", {}, "sha512-rftlrkhHZOcjDwkGlnUtZZkvaPHCsDATp4pGpuOOMDaTdDDXF91wuVDJoWoPsKX/3YPQ5fHuF3STjcYyKr+Qhg=="],
  }
}
