// !$*UTF8*$!
{
	archiveVersion = 1;
	classes = {
	};
	objectVersion = 56;
	objects = {

/* Begin PBXBuildFile section */
		A1000011000000000000F001 /* KhalaApp.swift in Sources */ = {isa = PBXBuildFile; fileRef = A1000001000000000000F001 /* KhalaApp.swift */; };
		A1000012000000000000F002 /* ContentView.swift in Sources */ = {isa = PBXBuildFile; fileRef = A1000002000000000000F002 /* ContentView.swift */; };
		A1000013000000000000F003 /* VoiceState.swift in Sources */ = {isa = PBXBuildFile; fileRef = A1000003000000000000F003 /* VoiceState.swift */; };
		A1000014000000000000F004 /* KeychainStore.swift in Sources */ = {isa = PBXBuildFile; fileRef = A1000004000000000000F004 /* KeychainStore.swift */; };
		A1000015000000000000F005 /* KhalaClient.swift in Sources */ = {isa = PBXBuildFile; fileRef = A1000005000000000000F005 /* KhalaClient.swift */; };
		A1000016000000000000F006 /* SpeechRecognizer.swift in Sources */ = {isa = PBXBuildFile; fileRef = A1000006000000000000F006 /* SpeechRecognizer.swift */; };
		A1000018000000000000F008 /* VoiceController.swift in Sources */ = {isa = PBXBuildFile; fileRef = A1000008000000000000F008 /* VoiceController.swift */; };
		A1000019000000000000F009 /* AnimatedBackground.swift in Sources */ = {isa = PBXBuildFile; fileRef = A1000009000000000000F009 /* AnimatedBackground.swift */; };
		A100001A000000000000F00A /* PushToTalkButton.swift in Sources */ = {isa = PBXBuildFile; fileRef = A100000A000000000000F00A /* PushToTalkButton.swift */; };
		A100001B000000000000F00B /* SettingsView.swift in Sources */ = {isa = PBXBuildFile; fileRef = A100000B000000000000F00B /* SettingsView.swift */; };
		A100001C000000000000F00D /* Assets.xcassets in Resources */ = {isa = PBXBuildFile; fileRef = A100000D000000000000F00D /* Assets.xcassets */; };
		A100001D000000000000F00E /* KhalaClientTests.swift in Sources */ = {isa = PBXBuildFile; fileRef = A100000E000000000000F00E /* KhalaClientTests.swift */; };
/* End PBXBuildFile section */

/* Begin PBXContainerItemProxy section */
		A1000000000000000000PRXY /* PBXContainerItemProxy */ = {
			isa = PBXContainerItemProxy;
			containerPortal = A1000000000000000000PRJ /* Project object */;
			proxyType = 1;
			remoteGlobalIDString = A1000000000000000000TGT;
			remoteInfo = Khala;
		};
/* End PBXContainerItemProxy section */

/* Begin PBXFileReference section */
		A1000001000000000000F001 /* KhalaApp.swift */ = {isa = PBXFileReference; lastKnownFileType = sourcecode.swift; path = KhalaApp.swift; sourceTree = "<group>"; };
		A1000002000000000000F002 /* ContentView.swift */ = {isa = PBXFileReference; lastKnownFileType = sourcecode.swift; path = ContentView.swift; sourceTree = "<group>"; };
		A1000003000000000000F003 /* VoiceState.swift */ = {isa = PBXFileReference; lastKnownFileType = sourcecode.swift; path = VoiceState.swift; sourceTree = "<group>"; };
		A1000004000000000000F004 /* KeychainStore.swift */ = {isa = PBXFileReference; lastKnownFileType = sourcecode.swift; path = Store/KeychainStore.swift; sourceTree = "<group>"; };
		A1000005000000000000F005 /* KhalaClient.swift */ = {isa = PBXFileReference; lastKnownFileType = sourcecode.swift; path = Net/KhalaClient.swift; sourceTree = "<group>"; };
		A1000006000000000000F006 /* SpeechRecognizer.swift */ = {isa = PBXFileReference; lastKnownFileType = sourcecode.swift; path = Voice/SpeechRecognizer.swift; sourceTree = "<group>"; };
		A1000008000000000000F008 /* VoiceController.swift */ = {isa = PBXFileReference; lastKnownFileType = sourcecode.swift; path = Voice/VoiceController.swift; sourceTree = "<group>"; };
		A1000009000000000000F009 /* AnimatedBackground.swift */ = {isa = PBXFileReference; lastKnownFileType = sourcecode.swift; path = Views/AnimatedBackground.swift; sourceTree = "<group>"; };
		A100000A000000000000F00A /* PushToTalkButton.swift */ = {isa = PBXFileReference; lastKnownFileType = sourcecode.swift; path = Views/PushToTalkButton.swift; sourceTree = "<group>"; };
		A100000B000000000000F00B /* SettingsView.swift */ = {isa = PBXFileReference; lastKnownFileType = sourcecode.swift; path = Views/SettingsView.swift; sourceTree = "<group>"; };
		A100000C000000000000F00C /* Info.plist */ = {isa = PBXFileReference; lastKnownFileType = text.plist.xml; path = Resources/Info.plist; sourceTree = "<group>"; };
		A100000D000000000000F00D /* Assets.xcassets */ = {isa = PBXFileReference; lastKnownFileType = folder.assetcatalog; path = Assets.xcassets; sourceTree = "<group>"; };
		A100000E000000000000F00E /* KhalaClientTests.swift */ = {isa = PBXFileReference; lastKnownFileType = sourcecode.swift; path = KhalaClientTests.swift; sourceTree = "<group>"; };
		A1000000000000000000FAPP /* Khala.app */ = {isa = PBXFileReference; explicitFileType = wrapper.application; includeInIndex = 0; path = Khala.app; sourceTree = BUILT_PRODUCTS_DIR; };
		A1000000000000000000FTST /* KhalaTests.xctest */ = {isa = PBXFileReference; explicitFileType = wrapper.cfbundle; includeInIndex = 0; path = KhalaTests.xctest; sourceTree = BUILT_PRODUCTS_DIR; };
/* End PBXFileReference section */

/* Begin PBXFrameworksBuildPhase section */
		A1000000000000000000FRMW /* Frameworks */ = {
			isa = PBXFrameworksBuildPhase;
			buildActionMask = 2147483647;
			files = (
			);
			runOnlyForDeploymentPostprocessing = 0;
		};
		A1000000000000000000TFRM /* Frameworks */ = {
			isa = PBXFrameworksBuildPhase;
			buildActionMask = 2147483647;
			files = (
			);
			runOnlyForDeploymentPostprocessing = 0;
		};
/* End PBXFrameworksBuildPhase section */

/* Begin PBXGroup section */
		A1000000000000000000GRT = {
			isa = PBXGroup;
			children = (
				A1000000000000000000GSRC /* Khala */,
				A1000000000000000000GTST /* KhalaTests */,
				A1000000000000000000GPRD /* Products */,
			);
			sourceTree = "<group>";
		};
		A1000000000000000000GPRD /* Products */ = {
			isa = PBXGroup;
			children = (
				A1000000000000000000FAPP /* Khala.app */,
				A1000000000000000000FTST /* KhalaTests.xctest */,
			);
			name = Products;
			sourceTree = "<group>";
		};
		A1000000000000000000GSRC /* Khala */ = {
			isa = PBXGroup;
			children = (
				A1000001000000000000F001 /* KhalaApp.swift */,
				A1000002000000000000F002 /* ContentView.swift */,
				A1000003000000000000F003 /* VoiceState.swift */,
				A1000009000000000000F009 /* AnimatedBackground.swift */,
				A100000A000000000000F00A /* PushToTalkButton.swift */,
				A100000B000000000000F00B /* SettingsView.swift */,
				A1000006000000000000F006 /* SpeechRecognizer.swift */,
				A1000008000000000000F008 /* VoiceController.swift */,
				A1000005000000000000F005 /* KhalaClient.swift */,
				A1000004000000000000F004 /* KeychainStore.swift */,
				A100000C000000000000F00C /* Info.plist */,
				A100000D000000000000F00D /* Assets.xcassets */,
			);
			path = Khala;
			sourceTree = "<group>";
		};
		A1000000000000000000GTST /* KhalaTests */ = {
			isa = PBXGroup;
			children = (
				A100000E000000000000F00E /* KhalaClientTests.swift */,
			);
			path = KhalaTests;
			sourceTree = "<group>";
		};
/* End PBXGroup section */

/* Begin PBXNativeTarget section */
		A1000000000000000000TGT /* Khala */ = {
			isa = PBXNativeTarget;
			buildConfigurationList = A1000000000000000000CLT /* Build configuration list for PBXNativeTarget "Khala" */;
			buildPhases = (
				A1000000000000000000SRC /* Sources */,
				A1000000000000000000FRMW /* Frameworks */,
				A1000000000000000000RES /* Resources */,
			);
			buildRules = (
			);
			dependencies = (
			);
			name = Khala;
			productName = Khala;
			productReference = A1000000000000000000FAPP /* Khala.app */;
			productType = "com.apple.product-type.application";
		};
		A1000000000000000000TTST /* KhalaTests */ = {
			isa = PBXNativeTarget;
			buildConfigurationList = A1000000000000000000CLX /* Build configuration list for PBXNativeTarget "KhalaTests" */;
			buildPhases = (
				A1000000000000000000TSRC /* Sources */,
				A1000000000000000000TFRM /* Frameworks */,
				A1000000000000000000TRES /* Resources */,
			);
			buildRules = (
			);
			dependencies = (
				A1000000000000000000TDEP /* PBXTargetDependency */,
			);
			name = KhalaTests;
			productName = KhalaTests;
			productReference = A1000000000000000000FTST /* KhalaTests.xctest */;
			productType = "com.apple.product-type.bundle.unit-test";
		};
/* End PBXNativeTarget section */

/* Begin PBXProject section */
		A1000000000000000000PRJ /* Project object */ = {
			isa = PBXProject;
			attributes = {
				BuildIndependentTargetsInParallel = 1;
				LastSwiftUpdateCheck = 1600;
				LastUpgradeCheck = 1600;
				TargetAttributes = {
					A1000000000000000000TGT = {
						CreatedOnToolsVersion = 16.0;
					};
					A1000000000000000000TTST = {
						CreatedOnToolsVersion = 16.0;
						TestTargetID = A1000000000000000000TGT;
					};
				};
			};
			buildConfigurationList = A1000000000000000000CLP /* Build configuration list for PBXProject "Khala" */;
			compatibilityVersion = "Xcode 14.0";
			developmentRegion = en;
			hasScannedForEncodings = 0;
			knownRegions = (
				en,
				Base,
			);
			mainGroup = A1000000000000000000GRT;
			productRefGroup = A1000000000000000000GPRD /* Products */;
			projectDirPath = "";
			projectRoot = "";
			targets = (
				A1000000000000000000TGT /* Khala */,
				A1000000000000000000TTST /* KhalaTests */,
			);
		};
/* End PBXProject section */

/* Begin PBXResourcesBuildPhase section */
		A1000000000000000000RES /* Resources */ = {
			isa = PBXResourcesBuildPhase;
			buildActionMask = 2147483647;
			files = (
				A100001C000000000000F00D /* Assets.xcassets in Resources */,
			);
			runOnlyForDeploymentPostprocessing = 0;
		};
		A1000000000000000000TRES /* Resources */ = {
			isa = PBXResourcesBuildPhase;
			buildActionMask = 2147483647;
			files = (
			);
			runOnlyForDeploymentPostprocessing = 0;
		};
/* End PBXResourcesBuildPhase section */

/* Begin PBXSourcesBuildPhase section */
		A1000000000000000000SRC /* Sources */ = {
			isa = PBXSourcesBuildPhase;
			buildActionMask = 2147483647;
			files = (
				A1000011000000000000F001 /* KhalaApp.swift in Sources */,
				A1000012000000000000F002 /* ContentView.swift in Sources */,
				A1000013000000000000F003 /* VoiceState.swift in Sources */,
				A1000014000000000000F004 /* KeychainStore.swift in Sources */,
				A1000015000000000000F005 /* KhalaClient.swift in Sources */,
				A1000016000000000000F006 /* SpeechRecognizer.swift in Sources */,
				A1000018000000000000F008 /* VoiceController.swift in Sources */,
				A1000019000000000000F009 /* AnimatedBackground.swift in Sources */,
				A100001A000000000000F00A /* PushToTalkButton.swift in Sources */,
				A100001B000000000000F00B /* SettingsView.swift in Sources */,
			);
			runOnlyForDeploymentPostprocessing = 0;
		};
		A1000000000000000000TSRC /* Sources */ = {
			isa = PBXSourcesBuildPhase;
			buildActionMask = 2147483647;
			files = (
				A100001D000000000000F00E /* KhalaClientTests.swift in Sources */,
			);
			runOnlyForDeploymentPostprocessing = 0;
		};
/* End PBXSourcesBuildPhase section */

/* Begin PBXTargetDependency section */
		A1000000000000000000TDEP /* PBXTargetDependency */ = {
			isa = PBXTargetDependency;
			target = A1000000000000000000TGT /* Khala */;
			targetProxy = A1000000000000000000PRXY /* PBXContainerItemProxy */;
		};
/* End PBXTargetDependency section */

/* Begin XCBuildConfiguration section */
		A1000000000000000000DBG /* Debug */ = {
			isa = XCBuildConfiguration;
			buildSettings = {
				ALWAYS_SEARCH_USER_PATHS = NO;
				CLANG_ANALYZER_NONNULL = YES;
				CLANG_ENABLE_MODULES = YES;
				CLANG_ENABLE_OBJC_ARC = YES;
				COPY_PHASE_STRIP = NO;
				DEBUG_INFORMATION_FORMAT = dwarf;
				ENABLE_STRICT_OBJC_MSGSEND = YES;
				ENABLE_TESTABILITY = YES;
				GCC_DYNAMIC_NO_PIC = NO;
				GCC_OPTIMIZATION_LEVEL = 0;
				GCC_PREPROCESSOR_DEFINITIONS = (
					"DEBUG=1",
					"$(inherited)",
				);
				IPHONEOS_DEPLOYMENT_TARGET = 17.0;
				MTL_ENABLE_DEBUG_INFO = INCLUDE_SOURCE;
				ONLY_ACTIVE_ARCH = YES;
				SDKROOT = iphoneos;
				SWIFT_ACTIVE_COMPILATION_CONDITIONS = DEBUG;
				SWIFT_OPTIMIZATION_LEVEL = "-Onone";
			};
			name = Debug;
		};
		A1000000000000000000REL /* Release */ = {
			isa = XCBuildConfiguration;
			buildSettings = {
				ALWAYS_SEARCH_USER_PATHS = NO;
				CLANG_ANALYZER_NONNULL = YES;
				CLANG_ENABLE_MODULES = YES;
				CLANG_ENABLE_OBJC_ARC = YES;
				COPY_PHASE_STRIP = NO;
				ENABLE_NS_ASSERTIONS = NO;
				ENABLE_STRICT_OBJC_MSGSEND = YES;
				IPHONEOS_DEPLOYMENT_TARGET = 17.0;
				MTL_ENABLE_DEBUG_INFO = NO;
				SDKROOT = iphoneos;
				SWIFT_COMPILATION_MODE = wholemodule;
				SWIFT_OPTIMIZATION_LEVEL = "-O";
				VALIDATE_PRODUCT = YES;
			};
			name = Release;
		};
		A1000000000000000000TDBG /* Debug */ = {
			isa = XCBuildConfiguration;
			buildSettings = {
				ASSETCATALOG_COMPILER_APPICON_NAME = AppIcon;
				ASSETCATALOG_COMPILER_GLOBAL_ACCENT_COLOR_NAME = AccentColor;
				CODE_SIGN_STYLE = Automatic;
				CURRENT_PROJECT_VERSION = 1;
				DEVELOPMENT_TEAM = HQWSG26L43;
				ENABLE_PREVIEWS = YES;
				GENERATE_INFOPLIST_FILE = NO;
				INFOPLIST_FILE = Khala/Resources/Info.plist;
				INFOPLIST_KEY_UILaunchScreen_Generation = YES;
				LD_RUNPATH_SEARCH_PATHS = (
					"$(inherited)",
					"@executable_path/Frameworks",
				);
				MARKETING_VERSION = 1.0.0;
				PRODUCT_BUNDLE_IDENTIFIER = com.openagents.khala;
				PRODUCT_NAME = "$(TARGET_NAME)";
				SWIFT_EMIT_LOC_STRINGS = YES;
				SWIFT_VERSION = 5.0;
				TARGETED_DEVICE_FAMILY = 1;
			};
			name = Debug;
		};
		A1000000000000000000TREL /* Release */ = {
			isa = XCBuildConfiguration;
			buildSettings = {
				ASSETCATALOG_COMPILER_APPICON_NAME = AppIcon;
				ASSETCATALOG_COMPILER_GLOBAL_ACCENT_COLOR_NAME = AccentColor;
				CODE_SIGN_STYLE = Automatic;
				CURRENT_PROJECT_VERSION = 1;
				DEVELOPMENT_TEAM = HQWSG26L43;
				ENABLE_PREVIEWS = YES;
				GENERATE_INFOPLIST_FILE = NO;
				INFOPLIST_FILE = Khala/Resources/Info.plist;
				INFOPLIST_KEY_UILaunchScreen_Generation = YES;
				LD_RUNPATH_SEARCH_PATHS = (
					"$(inherited)",
					"@executable_path/Frameworks",
				);
				MARKETING_VERSION = 1.0.0;
				PRODUCT_BUNDLE_IDENTIFIER = com.openagents.khala;
				PRODUCT_NAME = "$(TARGET_NAME)";
				SWIFT_EMIT_LOC_STRINGS = YES;
				SWIFT_VERSION = 5.0;
				TARGETED_DEVICE_FAMILY = 1;
			};
			name = Release;
		};
		A1000000000000000000XDBG /* Debug */ = {
			isa = XCBuildConfiguration;
			buildSettings = {
				BUNDLE_LOADER = "$(TEST_HOST)";
				CODE_SIGN_STYLE = Automatic;
				CURRENT_PROJECT_VERSION = 1;
				DEVELOPMENT_TEAM = HQWSG26L43;
				GENERATE_INFOPLIST_FILE = YES;
				IPHONEOS_DEPLOYMENT_TARGET = 17.0;
				LD_RUNPATH_SEARCH_PATHS = (
					"$(inherited)",
					"@executable_path/Frameworks",
					"@loader_path/Frameworks",
				);
				MARKETING_VERSION = 1.0.0;
				PRODUCT_BUNDLE_IDENTIFIER = com.openagents.khala.tests;
				PRODUCT_NAME = KhalaTests;
				SWIFT_VERSION = 5.0;
				TEST_HOST = "$(BUILT_PRODUCTS_DIR)/Khala.app/Khala";
				WRAPPER_EXTENSION = xctest;
			};
			name = Debug;
		};
		A1000000000000000000XREL /* Release */ = {
			isa = XCBuildConfiguration;
			buildSettings = {
				BUNDLE_LOADER = "$(TEST_HOST)";
				CODE_SIGN_STYLE = Automatic;
				CURRENT_PROJECT_VERSION = 1;
				DEVELOPMENT_TEAM = HQWSG26L43;
				GENERATE_INFOPLIST_FILE = YES;
				IPHONEOS_DEPLOYMENT_TARGET = 17.0;
				LD_RUNPATH_SEARCH_PATHS = (
					"$(inherited)",
					"@executable_path/Frameworks",
					"@loader_path/Frameworks",
				);
				MARKETING_VERSION = 1.0.0;
				PRODUCT_BUNDLE_IDENTIFIER = com.openagents.khala.tests;
				PRODUCT_NAME = KhalaTests;
				SWIFT_VERSION = 5.0;
				TEST_HOST = "$(BUILT_PRODUCTS_DIR)/Khala.app/Khala";
				WRAPPER_EXTENSION = xctest;
			};
			name = Release;
		};
/* End XCBuildConfiguration section */

/* Begin XCConfigurationList section */
		A1000000000000000000CLP /* Build configuration list for PBXProject "Khala" */ = {
			isa = XCConfigurationList;
			buildConfigurations = (
				A1000000000000000000DBG /* Debug */,
				A1000000000000000000REL /* Release */,
			);
			defaultConfigurationIsVisible = 0;
			defaultConfigurationName = Release;
		};
		A1000000000000000000CLT /* Build configuration list for PBXNativeTarget "Khala" */ = {
			isa = XCConfigurationList;
			buildConfigurations = (
				A1000000000000000000TDBG /* Debug */,
				A1000000000000000000TREL /* Release */,
			);
			defaultConfigurationIsVisible = 0;
			defaultConfigurationName = Release;
		};
		A1000000000000000000CLX /* Build configuration list for PBXNativeTarget "KhalaTests" */ = {
			isa = XCConfigurationList;
			buildConfigurations = (
				A1000000000000000000XDBG /* Debug */,
				A1000000000000000000XREL /* Release */,
			);
			defaultConfigurationIsVisible = 0;
			defaultConfigurationName = Release;
		};
/* End XCConfigurationList section */
	};
	rootObject = A1000000000000000000PRJ /* Project object */;
}
