{
  "lockfileVersion": 1,
  "configVersion": 1,
  "workspaces": {
    "": {
      "name": "@openagents/mdk-treasury",
      "dependencies": {
        "@moneydevkit/core": "0.19.0",
        "@moneydevkit/lightning-js": "0.1.84",
      },
    },
  },
  "packages": {
    "@borewit/text-codec": ["@borewit/text-codec@0.2.2", "", {}, "sha512-DDaRehssg1aNrH4+2hnj1B7vnUGEjU6OIlyRdkMd0aUdIUvKXrJfXsy8LVtXAy7DRvYVluWbMspsRhz2lcW0mQ=="],

    "@emnapi/runtime": ["@emnapi/runtime@1.11.0", "", { "dependencies": { "tslib": "^2.4.0" } }, "sha512-55coeOFKHv1ywEcUXJtWU5f+Jr/W5tZDvZig8DLKSwUN1JpROQ4rk/SNOQiFWmaR/VKF4zuFyW1B8JduOSv6Pg=="],

    "@floating-ui/core": ["@floating-ui/core@1.7.5", "", { "dependencies": { "@floating-ui/utils": "^0.2.11" } }, "sha512-1Ih4WTWyw0+lKyFMcBHGbb5U5FtuHJuujoyyr5zTaWS5EYMeT6Jb2AuDeftsCsEuchO+mM2ij5+q9crhydzLhQ=="],

    "@floating-ui/dom": ["@floating-ui/dom@1.7.6", "", { "dependencies": { "@floating-ui/core": "^1.7.5", "@floating-ui/utils": "^0.2.11" } }, "sha512-9gZSAI5XM36880PPMm//9dfiEngYoC6Am2izES1FF406YFsjvyBMmeJ2g4SAju3xWwtuynNRFL2s9hgxpLI5SQ=="],

    "@floating-ui/react-dom": ["@floating-ui/react-dom@2.1.8", "", { "dependencies": { "@floating-ui/dom": "^1.7.6" }, "peerDependencies": { "react": ">=16.8.0", "react-dom": ">=16.8.0" } }, "sha512-cC52bHwM/n/CxS87FH0yWdngEZrjdtLW/qVruo68qg+prK7ZQ4YGdut2GyDVpoGeAYe/h899rVeOVm6Oi40k2A=="],

    "@floating-ui/utils": ["@floating-ui/utils@0.2.11", "", {}, "sha512-RiB/yIh78pcIxl6lLMG0CgBXAZ2Y0eVHqMPYugu+9U0AeT6YBeiJpf7lbdJNIugFP5SIjwNRgo4DhR1Qxi26Gg=="],

    "@fontsource-variable/geist": ["@fontsource-variable/geist@5.2.9", "", {}, "sha512-TP+QSBG3wxKGPE33CbMy/L0Nu3qvJ6Fy81Yc4LnQ95xH+i+cfEp8fyU8/kfV14YwszxIFPhnoMTbjL71waVpyQ=="],

    "@fontsource-variable/geist-mono": ["@fontsource-variable/geist-mono@5.2.8", "", {}, "sha512-KI5bj+hkkRiHttYHmccotUZ80ZuZyai+RwI1d7UId0clkx/jXxlo8qYK8j54WzmpBjtMoEMPyllV7faDcj+6RA=="],

    "@fontsource/source-serif-4": ["@fontsource/source-serif-4@5.2.9", "", {}, "sha512-er/Pym9emsEVJNf947umJ4kXarXfsiN6CN7kTYinefKRaHLwiquiiHOZvKvxWgkV8JMCf3pV3g0NcsPFpVCH9w=="],

    "@hookform/resolvers": ["@hookform/resolvers@5.4.0", "", { "dependencies": { "@standard-schema/utils": "^0.3.0" }, "peerDependencies": { "react-hook-form": "^7.55.0" } }, "sha512-EIsqr/t/qbinPIhGjMdtvutIN1Kk4uwbROE9/UQ93CAVGR7GkA7Y92+fX80OzXi/OB67jVFYwKGO1WzkxmkFZw=="],

    "@img/colour": ["@img/colour@1.1.0", "", {}, "sha512-Td76q7j57o/tLVdgS746cYARfSyxk8iEfRxewL9h4OMzYhbW4TAcppl0mT4eyqXddh6L/jwoM75mo7ixa/pCeQ=="],

    "@img/sharp-darwin-arm64": ["@img/sharp-darwin-arm64@0.34.5", "", { "optionalDependencies": { "@img/sharp-libvips-darwin-arm64": "1.2.4" }, "os": "darwin", "cpu": "arm64" }, "sha512-imtQ3WMJXbMY4fxb/Ndp6HBTNVtWCUI0WdobyheGf5+ad6xX8VIDO8u2xE4qc/fr08CKG/7dDseFtn6M6g/r3w=="],

    "@img/sharp-darwin-x64": ["@img/sharp-darwin-x64@0.34.5", "", { "optionalDependencies": { "@img/sharp-libvips-darwin-x64": "1.2.4" }, "os": "darwin", "cpu": "x64" }, "sha512-YNEFAF/4KQ/PeW0N+r+aVVsoIY0/qxxikF2SWdp+NRkmMB7y9LBZAVqQ4yhGCm/H3H270OSykqmQMKLBhBJDEw=="],

    "@img/sharp-libvips-darwin-arm64": ["@img/sharp-libvips-darwin-arm64@1.2.4", "", { "os": "darwin", "cpu": "arm64" }, "sha512-zqjjo7RatFfFoP0MkQ51jfuFZBnVE2pRiaydKJ1G/rHZvnsrHAOcQALIi9sA5co5xenQdTugCvtb1cuf78Vf4g=="],

    "@img/sharp-libvips-darwin-x64": ["@img/sharp-libvips-darwin-x64@1.2.4", "", { "os": "darwin", "cpu": "x64" }, "sha512-1IOd5xfVhlGwX+zXv2N93k0yMONvUlANylbJw1eTah8K/Jtpi15KC+WSiaX/nBmbm2HxRM1gZ0nSdjSsrZbGKg=="],

    "@img/sharp-libvips-linux-arm": ["@img/sharp-libvips-linux-arm@1.2.4", "", { "os": "linux", "cpu": "arm" }, "sha512-bFI7xcKFELdiNCVov8e44Ia4u2byA+l3XtsAj+Q8tfCwO6BQ8iDojYdvoPMqsKDkuoOo+X6HZA0s0q11ANMQ8A=="],

    "@img/sharp-libvips-linux-arm64": ["@img/sharp-libvips-linux-arm64@1.2.4", "", { "os": "linux", "cpu": "arm64" }, "sha512-excjX8DfsIcJ10x1Kzr4RcWe1edC9PquDRRPx3YVCvQv+U5p7Yin2s32ftzikXojb1PIFc/9Mt28/y+iRklkrw=="],

    "@img/sharp-libvips-linux-ppc64": ["@img/sharp-libvips-linux-ppc64@1.2.4", "", { "os": "linux", "cpu": "ppc64" }, "sha512-FMuvGijLDYG6lW+b/UvyilUWu5Ayu+3r2d1S8notiGCIyYU/76eig1UfMmkZ7vwgOrzKzlQbFSuQfgm7GYUPpA=="],

    "@img/sharp-libvips-linux-riscv64": ["@img/sharp-libvips-linux-riscv64@1.2.4", "", { "os": "linux", "cpu": "none" }, "sha512-oVDbcR4zUC0ce82teubSm+x6ETixtKZBh/qbREIOcI3cULzDyb18Sr/Wcyx7NRQeQzOiHTNbZFF1UwPS2scyGA=="],

    "@img/sharp-libvips-linux-s390x": ["@img/sharp-libvips-linux-s390x@1.2.4", "", { "os": "linux", "cpu": "s390x" }, "sha512-qmp9VrzgPgMoGZyPvrQHqk02uyjA0/QrTO26Tqk6l4ZV0MPWIW6LTkqOIov+J1yEu7MbFQaDpwdwJKhbJvuRxQ=="],

    "@img/sharp-libvips-linux-x64": ["@img/sharp-libvips-linux-x64@1.2.4", "", { "os": "linux", "cpu": "x64" }, "sha512-tJxiiLsmHc9Ax1bz3oaOYBURTXGIRDODBqhveVHonrHJ9/+k89qbLl0bcJns+e4t4rvaNBxaEZsFtSfAdquPrw=="],

    "@img/sharp-libvips-linuxmusl-arm64": ["@img/sharp-libvips-linuxmusl-arm64@1.2.4", "", { "os": "linux", "cpu": "arm64" }, "sha512-FVQHuwx1IIuNow9QAbYUzJ+En8KcVm9Lk5+uGUQJHaZmMECZmOlix9HnH7n1TRkXMS0pGxIJokIVB9SuqZGGXw=="],

    "@img/sharp-libvips-linuxmusl-x64": ["@img/sharp-libvips-linuxmusl-x64@1.2.4", "", { "os": "linux", "cpu": "x64" }, "sha512-+LpyBk7L44ZIXwz/VYfglaX/okxezESc6UxDSoyo2Ks6Jxc4Y7sGjpgU9s4PMgqgjj1gZCylTieNamqA1MF7Dg=="],

    "@img/sharp-linux-arm": ["@img/sharp-linux-arm@0.34.5", "", { "optionalDependencies": { "@img/sharp-libvips-linux-arm": "1.2.4" }, "os": "linux", "cpu": "arm" }, "sha512-9dLqsvwtg1uuXBGZKsxem9595+ujv0sJ6Vi8wcTANSFpwV/GONat5eCkzQo/1O6zRIkh0m/8+5BjrRr7jDUSZw=="],

    "@img/sharp-linux-arm64": ["@img/sharp-linux-arm64@0.34.5", "", { "optionalDependencies": { "@img/sharp-libvips-linux-arm64": "1.2.4" }, "os": "linux", "cpu": "arm64" }, "sha512-bKQzaJRY/bkPOXyKx5EVup7qkaojECG6NLYswgktOZjaXecSAeCWiZwwiFf3/Y+O1HrauiE3FVsGxFg8c24rZg=="],

    "@img/sharp-linux-ppc64": ["@img/sharp-linux-ppc64@0.34.5", "", { "optionalDependencies": { "@img/sharp-libvips-linux-ppc64": "1.2.4" }, "os": "linux", "cpu": "ppc64" }, "sha512-7zznwNaqW6YtsfrGGDA6BRkISKAAE1Jo0QdpNYXNMHu2+0dTrPflTLNkpc8l7MUP5M16ZJcUvysVWWrMefZquA=="],

    "@img/sharp-linux-riscv64": ["@img/sharp-linux-riscv64@0.34.5", "", { "optionalDependencies": { "@img/sharp-libvips-linux-riscv64": "1.2.4" }, "os": "linux", "cpu": "none" }, "sha512-51gJuLPTKa7piYPaVs8GmByo7/U7/7TZOq+cnXJIHZKavIRHAP77e3N2HEl3dgiqdD/w0yUfiJnII77PuDDFdw=="],

    "@img/sharp-linux-s390x": ["@img/sharp-linux-s390x@0.34.5", "", { "optionalDependencies": { "@img/sharp-libvips-linux-s390x": "1.2.4" }, "os": "linux", "cpu": "s390x" }, "sha512-nQtCk0PdKfho3eC5MrbQoigJ2gd1CgddUMkabUj+rBevs8tZ2cULOx46E7oyX+04WGfABgIwmMC0VqieTiR4jg=="],

    "@img/sharp-linux-x64": ["@img/sharp-linux-x64@0.34.5", "", { "optionalDependencies": { "@img/sharp-libvips-linux-x64": "1.2.4" }, "os": "linux", "cpu": "x64" }, "sha512-MEzd8HPKxVxVenwAa+JRPwEC7QFjoPWuS5NZnBt6B3pu7EG2Ge0id1oLHZpPJdn3OQK+BQDiw9zStiHBTJQQQQ=="],

    "@img/sharp-linuxmusl-arm64": ["@img/sharp-linuxmusl-arm64@0.34.5", "", { "optionalDependencies": { "@img/sharp-libvips-linuxmusl-arm64": "1.2.4" }, "os": "linux", "cpu": "arm64" }, "sha512-fprJR6GtRsMt6Kyfq44IsChVZeGN97gTD331weR1ex1c1rypDEABN6Tm2xa1wE6lYb5DdEnk03NZPqA7Id21yg=="],

    "@img/sharp-linuxmusl-x64": ["@img/sharp-linuxmusl-x64@0.34.5", "", { "optionalDependencies": { "@img/sharp-libvips-linuxmusl-x64": "1.2.4" }, "os": "linux", "cpu": "x64" }, "sha512-Jg8wNT1MUzIvhBFxViqrEhWDGzqymo3sV7z7ZsaWbZNDLXRJZoRGrjulp60YYtV4wfY8VIKcWidjojlLcWrd8Q=="],

    "@img/sharp-wasm32": ["@img/sharp-wasm32@0.34.5", "", { "dependencies": { "@emnapi/runtime": "^1.7.0" }, "cpu": "none" }, "sha512-OdWTEiVkY2PHwqkbBI8frFxQQFekHaSSkUIJkwzclWZe64O1X4UlUjqqqLaPbUpMOQk6FBu/HtlGXNblIs0huw=="],

    "@img/sharp-win32-arm64": ["@img/sharp-win32-arm64@0.34.5", "", { "os": "win32", "cpu": "arm64" }, "sha512-WQ3AgWCWYSb2yt+IG8mnC6Jdk9Whs7O0gxphblsLvdhSpSTtmu69ZG1Gkb6NuvxsNACwiPV6cNSZNzt0KPsw7g=="],

    "@img/sharp-win32-ia32": ["@img/sharp-win32-ia32@0.34.5", "", { "os": "win32", "cpu": "ia32" }, "sha512-FV9m/7NmeCmSHDD5j4+4pNI8Cp3aW+JvLoXcTUo0IqyjSfAZJ8dIUmijx1qaJsIiU+Hosw6xM5KijAWRJCSgNg=="],

    "@img/sharp-win32-x64": ["@img/sharp-win32-x64@0.34.5", "", { "os": "win32", "cpu": "x64" }, "sha512-+29YMsqY2/9eFEiW93eqWnuLcWcufowXewwSNIT6UwZdUUCrM3oFjMWH/Z6/TMmb4hlFenmfAVbpWeup2jryCw=="],

    "@liquid-js/qr-code-styling": ["@liquid-js/qr-code-styling@5.5.0", "", { "peerDependencies": { "@liquid-js/qrcode-generator": "^1.1.0", "@xmldom/xmldom": "^0.9.0", "file-type": "^21.0.0 || ^22.0.0", "ical-generator": "^10.2.0", "sharp": ">0.32.1 <1.0.0", "vcards-js": "^2.10.0", "vcf": "^2.1.0" } }, "sha512-XnvANPKchZx2tiGj9Z5Na0oDt5X5MQPcnxXsyOTZzwuelxW+2+e7kv6XkPTMhSApjoW4wy59imBV3iACKL8ZEA=="],

    "@liquid-js/qrcode-generator": ["@liquid-js/qrcode-generator@1.1.6", "", {}, "sha512-F9jMeeqkRdCenIODggaPw0YNjKUifNDODjsLDibFDTYxKw2kw+cW0B3ng7tbRWFLOqBLd+YXZ5Ik6JqIF54pSA=="],

    "@moneydevkit/api-contract": ["@moneydevkit/api-contract@0.1.35", "", { "dependencies": { "@orpc/contract": "1.3.0", "zod": "^3.25.76" } }, "sha512-Xq0GnkdQfpmOugbZbmMyTkTTIOX7nLIr9aDfjji8ADqYZA8/Xs0/K4+TsqVYl5tpdlIArV29LDxQOMr3sBc3iw=="],

    "@moneydevkit/core": ["@moneydevkit/core@0.19.0", "", { "dependencies": { "@fontsource-variable/geist": "^5.2.9", "@fontsource-variable/geist-mono": "^5.2.8", "@fontsource/source-serif-4": "^5.2.9", "@hookform/resolvers": "^5.0.1", "@liquid-js/qr-code-styling": "^5.5.0", "@moneydevkit/api-contract": "0.1.35", "@moneydevkit/lightning-js": "0.1.84", "@orpc/client": "1.13.6", "@orpc/contract": "1.3.0", "@orpc/server": "1.3.0", "@radix-ui/react-collapsible": "^1.1.11", "@radix-ui/react-dialog": "^1.1.14", "@radix-ui/react-label": "^2.1.7", "@radix-ui/react-select": "^2.2.5", "@radix-ui/react-slot": "^1.2.3", "@tanstack/react-query": "^5.79.0", "class-variance-authority": "^0.7.1", "clsx": "^2.1.1", "lucide-react": "^0.511.0", "qrcode.react": "^4.2.0", "react-hook-form": "^7.56.4", "tailwind-merge": "^3.3.0", "vaul": "^1.1.2", "ws": "^8.20.1", "zod": "^3.25.42" }, "peerDependencies": { "react": "^18 || ^19", "react-dom": "^18 || ^19" } }, "sha512-CKSovIVlDrL3+VI9hC8Yao2niZczdA1BeoqEGTRki3G8hnXDzqYZTmJuAR3uiLKppOM0V7wgukn/GRd32eiUaw=="],

    "@moneydevkit/lightning-js": ["@moneydevkit/lightning-js@0.1.84", "", { "optionalDependencies": { "@moneydevkit/lightning-js-android-arm-eabi": "0.1.84", "@moneydevkit/lightning-js-android-arm64": "0.1.84", "@moneydevkit/lightning-js-darwin-arm64": "0.1.84", "@moneydevkit/lightning-js-darwin-x64": "0.1.84", "@moneydevkit/lightning-js-freebsd-x64": "0.1.84", "@moneydevkit/lightning-js-linux-arm-gnueabihf": "0.1.84", "@moneydevkit/lightning-js-linux-arm64-gnu": "0.1.84", "@moneydevkit/lightning-js-linux-arm64-musl": "0.1.84", "@moneydevkit/lightning-js-linux-x64-gnu": "0.1.84", "@moneydevkit/lightning-js-linux-x64-musl": "0.1.84", "@moneydevkit/lightning-js-win32-arm64-msvc": "0.1.84", "@moneydevkit/lightning-js-win32-ia32-msvc": "0.1.84", "@moneydevkit/lightning-js-win32-x64-msvc": "0.1.84" } }, "sha512-KjhyTAIE55cnwdc8lDS1oUoZjhHotS6knGWp18KPYEWSPtNpJhT9RahkF2uiO1RFvuePGWFcbD9fQRGJwgTlbA=="],

    "@moneydevkit/lightning-js-android-arm64": ["@moneydevkit/lightning-js-android-arm64@0.1.84", "", { "os": "android", "cpu": "arm64" }, "sha512-bqHvLmUhPzlDW8jyY/eZWlOc9jH3W4/fj+KDQdj9XShjRbv4ay/js4rr50MH73ulaF/tYfqamhh9yC2pdS7BKg=="],

    "@moneydevkit/lightning-js-darwin-arm64": ["@moneydevkit/lightning-js-darwin-arm64@0.1.84", "", { "os": "darwin", "cpu": "arm64" }, "sha512-yrw4bkbU77yd0jvcVxs7YHjoWt1O5IVf01p+zJrQjy/vfcIyM1wzLgZkhTrbMonpoQegOkgtOgE4xMN8wQ4XQw=="],

    "@moneydevkit/lightning-js-darwin-x64": ["@moneydevkit/lightning-js-darwin-x64@0.1.84", "", { "os": "darwin", "cpu": "x64" }, "sha512-gYV71XZed10BUs5wCAt1UeeTAuhJ+/tZE8oyz3Dh4aS865FV4iKET0S5z+dJnqSMdfnd7d1OplFsv7hFjyIrGA=="],

    "@moneydevkit/lightning-js-linux-arm64-gnu": ["@moneydevkit/lightning-js-linux-arm64-gnu@0.1.84", "", { "os": "linux", "cpu": "arm64" }, "sha512-nuYbg89hU+CXHOIeYr+iODuL/GC1twUn8aJO3m4n72xtXR15Z0Wf3CWkgDPd0rI19hrpnikYZGjCekVT0hts9Q=="],

    "@moneydevkit/lightning-js-linux-arm64-musl": ["@moneydevkit/lightning-js-linux-arm64-musl@0.1.84", "", { "os": "linux", "cpu": "arm64" }, "sha512-Rtx+dDjGJyOukY/ZBhSNAJPUJY62tCpwguwnfulZurWQpR1d1Efr9AVPdA0OXjeYlgFask1qldGT7Z1aKP3Zwg=="],

    "@moneydevkit/lightning-js-linux-x64-gnu": ["@moneydevkit/lightning-js-linux-x64-gnu@0.1.84", "", { "os": "linux", "cpu": "x64" }, "sha512-zB9PK7tVI53QPGByKiTt5A5Y9jiKByhOKvn6aB3MR4dhShI6C31kKRAxWibiSxMoigd/cghgoKhOTDbKLEGLuw=="],

    "@moneydevkit/lightning-js-linux-x64-musl": ["@moneydevkit/lightning-js-linux-x64-musl@0.1.84", "", { "os": "linux", "cpu": "x64" }, "sha512-Oeo7qY66TYaA2j+aXLheq/GWitO1KyPsqo9pGERqU9lsKU3Jq5NygDqq8kfGKmbGhENLte6lRGtIehbXXB0Eww=="],

    "@moneydevkit/lightning-js-win32-arm64-msvc": ["@moneydevkit/lightning-js-win32-arm64-msvc@0.1.84", "", { "os": "win32", "cpu": "arm64" }, "sha512-dcgUQQfNtKLRHMh3TXpn7C62v20nES8ttqy9cr2caaNzkLvbHsYf4W4rBPm1NfDQrM55Oo+tN/aYAorzpNk4BQ=="],

    "@moneydevkit/lightning-js-win32-ia32-msvc": ["@moneydevkit/lightning-js-win32-ia32-msvc@0.1.84", "", { "os": "win32", "cpu": "ia32" }, "sha512-uzOp6lqwrPivYqj1deRJSNKLtwyY7EUUo1CtFdk0d5j9dLYrvs3gC/ga+i1L79AbcUrhjP04/HCKONEejO8bdA=="],

    "@moneydevkit/lightning-js-win32-x64-msvc": ["@moneydevkit/lightning-js-win32-x64-msvc@0.1.84", "", { "os": "win32", "cpu": "x64" }, "sha512-lGjmOU9e1EZz8MqDe7mWstz3nR/PelxK7yHHZaNRGqNFEzmcxtEhmRtzm9GUteVyiCkW+XT1Vfzc5J7GiQ7Arw=="],

    "@orpc/client": ["@orpc/client@1.13.6", "", { "dependencies": { "@orpc/shared": "1.13.6", "@orpc/standard-server": "1.13.6", "@orpc/standard-server-fetch": "1.13.6", "@orpc/standard-server-peer": "1.13.6" } }, "sha512-M6lYM6fJUFp9GR+It/qglYTeXwspb6sGj46xXWHqHS6iDVquqju0bdYuLOfHx8CGJcUSzi0aKUcqMXiGJhBG3w=="],

    "@orpc/contract": ["@orpc/contract@1.3.0", "", { "dependencies": { "@orpc/client": "1.3.0", "@orpc/shared": "1.3.0", "@standard-schema/spec": "^1.0.0" } }, "sha512-RlBCD8tBYrgcnVxtllHqX+DiFSMrD6UFKFFULth9RcixtWD4E6kCDx7NCEL8LGVsxihtxlEq7893+Od11wiFKA=="],

    "@orpc/server": ["@orpc/server@1.3.0", "", { "dependencies": { "@orpc/client": "1.3.0", "@orpc/contract": "1.3.0", "@orpc/shared": "1.3.0", "@orpc/standard-server": "1.3.0", "@orpc/standard-server-fetch": "1.3.0", "@orpc/standard-server-node": "1.3.0", "@orpc/standard-server-peer": "1.3.0" }, "peerDependencies": { "crossws": ">=0.3.4", "ws": ">=8.18.1" }, "optionalPeers": ["crossws", "ws"] }, "sha512-/ii0EKsxBIJL7vqQjHB4DXjnfJi3C5SKrP8FZb6gutPfRpdU9HwaGAiTKrvDdJIgt8HppmCpI1IH2qDjZor9RQ=="],

    "@orpc/shared": ["@orpc/shared@1.13.6", "", { "dependencies": { "radash": "^12.1.1", "type-fest": "^5.4.4" }, "peerDependencies": { "@opentelemetry/api": ">=1.9.0" }, "optionalPeers": ["@opentelemetry/api"] }, "sha512-XqpXPgmtkg2tviDXZC13Y4a3B0D5r1yuG4Q2qPG3gM1dargxob6/aSIeKE6rs1tNXOoI+IpJaGV53EWWB+x+iA=="],

    "@orpc/standard-server": ["@orpc/standard-server@1.13.6", "", { "dependencies": { "@orpc/shared": "1.13.6" } }, "sha512-GNYZXCWxYLVHsxBWR+bg5F12vDCsQghqxbqoFpMnA4goe58dugNWmuxM+aSDbI0D81YxkKDULSqft5S+GWi5ww=="],

    "@orpc/standard-server-fetch": ["@orpc/standard-server-fetch@1.13.6", "", { "dependencies": { "@orpc/shared": "1.13.6", "@orpc/standard-server": "1.13.6" } }, "sha512-O0bK4crjEOU9H4LzJ2abMjku3dvEhs8tcLXP/W5NXyH+Wm7qjBjDr6psxZ3YuaWdVbfd/P7CHtvw2rQDHJCNfQ=="],

    "@orpc/standard-server-node": ["@orpc/standard-server-node@1.3.0", "", { "dependencies": { "@orpc/shared": "1.3.0", "@orpc/standard-server": "1.3.0" } }, "sha512-00X61ix7/MFKCFyf5SvTowRJodQZ+5CXGIhLZpGAEj/AjsLCr0Z7dfsK2bgB16fwHvv+LkQMaaD3vwKVmohAMA=="],

    "@orpc/standard-server-peer": ["@orpc/standard-server-peer@1.13.6", "", { "dependencies": { "@orpc/shared": "1.13.6", "@orpc/standard-server": "1.13.6" } }, "sha512-WTqjNS6A9sxR4HVxWUb9ZoBHeQiesHeANmVBFdM/QjAaPUZYKn6WACYU6Q2eGmsCUeTQFfMssk0BG2EsgRNEYw=="],

    "@radix-ui/number": ["@radix-ui/number@1.1.2", "", {}, "sha512-ceTwaxc4I5IOi97DgCotl3pqiyRGvffcc0oOsE2dQYaJOFIDsDt4VWG6xEbg1QePv9QWausCEIppud/tJ1wNig=="],

    "@radix-ui/primitive": ["@radix-ui/primitive@1.1.4", "", {}, "sha512-7AdCK9PQyiljKoBDbN8OuctCbd/esdwZPQ8RtOE3SsyQtUpiPb+ND75q0jEhC1m1ecBI0MFNeLJvwIh9iKHRcQ=="],

    "@radix-ui/react-arrow": ["@radix-ui/react-arrow@1.1.9", "", { "dependencies": { "@radix-ui/react-primitive": "2.1.5" }, "peerDependencies": { "@types/react": "*", "@types/react-dom": "*", "react": "^16.8 || ^17.0 || ^18.0 || ^19.0 || ^19.0.0-rc", "react-dom": "^16.8 || ^17.0 || ^18.0 || ^19.0 || ^19.0.0-rc" }, "optionalPeers": ["@types/react", "@types/react-dom"] }, "sha512-yqHW5WQ/cTpU/un7dqqIKNy2iRU8BC0JB78PEzTfCCYvZu1U6W9KwObAniMk9nhSfyotKPQTYaUD/HB0f5muig=="],

    "@radix-ui/react-collapsible": ["@radix-ui/react-collapsible@1.1.13", "", { "dependencies": { "@radix-ui/primitive": "1.1.4", "@radix-ui/react-compose-refs": "1.1.3", "@radix-ui/react-context": "1.1.4", "@radix-ui/react-id": "1.1.2", "@radix-ui/react-presence": "1.1.6", "@radix-ui/react-primitive": "2.1.5", "@radix-ui/react-use-controllable-state": "1.2.3", "@radix-ui/react-use-layout-effect": "1.1.2" }, "peerDependencies": { "@types/react": "*", "@types/react-dom": "*", "react": "^16.8 || ^17.0 || ^18.0 || ^19.0 || ^19.0.0-rc", "react-dom": "^16.8 || ^17.0 || ^18.0 || ^19.0 || ^19.0.0-rc" }, "optionalPeers": ["@types/react", "@types/react-dom"] }, "sha512-F0s8+p2XNpfc3k02zBfB0jPWbkHVG162+p7BdUMyJ2308QMqZ+oaclX+FAzKFovgL5OqRU+Rvy6f/vbdlJVaqA=="],

    "@radix-ui/react-collection": ["@radix-ui/react-collection@1.1.9", "", { "dependencies": { "@radix-ui/react-compose-refs": "1.1.3", "@radix-ui/react-context": "1.1.4", "@radix-ui/react-primitive": "2.1.5", "@radix-ui/react-slot": "1.2.5" }, "peerDependencies": { "@types/react": "*", "@types/react-dom": "*", "react": "^16.8 || ^17.0 || ^18.0 || ^19.0 || ^19.0.0-rc", "react-dom": "^16.8 || ^17.0 || ^18.0 || ^19.0 || ^19.0.0-rc" }, "optionalPeers": ["@types/react", "@types/react-dom"] }, "sha512-zuSVi7ziP7uQRqc+yGxsKJfNkdyHv3ZKDaHe0gzg4dRgws96TPKWIiz84tVHP4GEcEl8bC0mdt17NkcxaJHmaQ=="],

    "@radix-ui/react-compose-refs": ["@radix-ui/react-compose-refs@1.1.3", "", { "peerDependencies": { "@types/react": "*", "react": "^16.8 || ^17.0 || ^18.0 || ^19.0 || ^19.0.0-rc" }, "optionalPeers": ["@types/react"] }, "sha512-rYOP8OMnuuPMQF1uhPVlGNcCDlkokKqGFE3JcxFViIkAXP7EvFWUliJAstrapypaBLJNHbZL6jGhbVDGTwmVhA=="],

    "@radix-ui/react-context": ["@radix-ui/react-context@1.1.4", "", { "peerDependencies": { "@types/react": "*", "react": "^16.8 || ^17.0 || ^18.0 || ^19.0 || ^19.0.0-rc" }, "optionalPeers": ["@types/react"] }, "sha512-QwH4PO5urrbO+FaGd5Aglg+YJgWTyyuZ3g/6mKvsqraLkglDdckw9JafgL5McL5VEJ6EPNduPaT3ZE9BttDAqg=="],

    "@radix-ui/react-dialog": ["@radix-ui/react-dialog@1.1.16", "", { "dependencies": { "@radix-ui/primitive": "1.1.4", "@radix-ui/react-compose-refs": "1.1.3", "@radix-ui/react-context": "1.1.4", "@radix-ui/react-dismissable-layer": "1.1.12", "@radix-ui/react-focus-guards": "1.1.4", "@radix-ui/react-focus-scope": "1.1.9", "@radix-ui/react-id": "1.1.2", "@radix-ui/react-portal": "1.1.11", "@radix-ui/react-presence": "1.1.6", "@radix-ui/react-primitive": "2.1.5", "@radix-ui/react-slot": "1.2.5", "@radix-ui/react-use-controllable-state": "1.2.3", "aria-hidden": "^1.2.4", "react-remove-scroll": "^2.7.2" }, "peerDependencies": { "@types/react": "*", "@types/react-dom": "*", "react": "^16.8 || ^17.0 || ^18.0 || ^19.0 || ^19.0.0-rc", "react-dom": "^16.8 || ^17.0 || ^18.0 || ^19.0 || ^19.0.0-rc" }, "optionalPeers": ["@types/react", "@types/react-dom"] }, "sha512-l9ok83YBclEZhbjgzt76Hw733e6cvRKPNgO6GJ/IETlufXG9p+fRu2wlvpImQvR6xdJ8h7J8J2DBvsPEiEsKMw=="],

    "@radix-ui/react-direction": ["@radix-ui/react-direction@1.1.2", "", { "peerDependencies": { "@types/react": "*", "react": "^16.8 || ^17.0 || ^18.0 || ^19.0 || ^19.0.0-rc" }, "optionalPeers": ["@types/react"] }, "sha512-C3vFhbyi4SW3PmbAi6Awpu4OzJtd0MxGurvSsYtr7p7nM8RNB3VAF3CUmnp2j50knpkrRcB7+ycVXzgLgF6yNA=="],

    "@radix-ui/react-dismissable-layer": ["@radix-ui/react-dismissable-layer@1.1.12", "", { "dependencies": { "@radix-ui/primitive": "1.1.4", "@radix-ui/react-compose-refs": "1.1.3", "@radix-ui/react-primitive": "2.1.5", "@radix-ui/react-use-callback-ref": "1.1.2", "@radix-ui/react-use-escape-keydown": "1.1.2" }, "peerDependencies": { "@types/react": "*", "@types/react-dom": "*", "react": "^16.8 || ^17.0 || ^18.0 || ^19.0 || ^19.0.0-rc", "react-dom": "^16.8 || ^17.0 || ^18.0 || ^19.0 || ^19.0.0-rc" }, "optionalPeers": ["@types/react", "@types/react-dom"] }, "sha512-MhoruH6xEzsbvOmo4TNgMfmtvRGyDZw4MDSdf4ybMHfezjqwzv6hyd4lsMzBp8K9Sn6sGzCF62x1I7BYUECXOg=="],

    "@radix-ui/react-focus-guards": ["@radix-ui/react-focus-guards@1.1.4", "", { "peerDependencies": { "@types/react": "*", "react": "^16.8 || ^17.0 || ^18.0 || ^19.0 || ^19.0.0-rc" }, "optionalPeers": ["@types/react"] }, "sha512-cot/aB/mOm0IYVYTTmQcEEK1M48lZWi8FlYe5nDPQQ8NYZUlXEFgncJ9p2Kzer3RKSrY7cTTpEMLZKNo9QoP5Q=="],

    "@radix-ui/react-focus-scope": ["@radix-ui/react-focus-scope@1.1.9", "", { "dependencies": { "@radix-ui/react-compose-refs": "1.1.3", "@radix-ui/react-primitive": "2.1.5", "@radix-ui/react-use-callback-ref": "1.1.2" }, "peerDependencies": { "@types/react": "*", "@types/react-dom": "*", "react": "^16.8 || ^17.0 || ^18.0 || ^19.0 || ^19.0.0-rc", "react-dom": "^16.8 || ^17.0 || ^18.0 || ^19.0 || ^19.0.0-rc" }, "optionalPeers": ["@types/react", "@types/react-dom"] }, "sha512-9Se8t+Zry+1rEOL7Y6l/4ANYU/TOtAtf8O2fKdwLltcaMcm6kOqYGbzO4tMFQ0bvzO920pRAoHpFZ4W85S3keQ=="],

    "@radix-ui/react-id": ["@radix-ui/react-id@1.1.2", "", { "dependencies": { "@radix-ui/react-use-layout-effect": "1.1.2" }, "peerDependencies": { "@types/react": "*", "react": "^16.8 || ^17.0 || ^18.0 || ^19.0 || ^19.0.0-rc" }, "optionalPeers": ["@types/react"] }, "sha512-orBC88futVpqCmhX1p4cvquNHsELQ+w+vBJnuj3ftETI5bJb0bZn3Tqu3SWN2IOcPycTnMGnhwoermvISt72sA=="],

    "@radix-ui/react-label": ["@radix-ui/react-label@2.1.9", "", { "dependencies": { "@radix-ui/react-primitive": "2.1.5" }, "peerDependencies": { "@types/react": "*", "@types/react-dom": "*", "react": "^16.8 || ^17.0 || ^18.0 || ^19.0 || ^19.0.0-rc", "react-dom": "^16.8 || ^17.0 || ^18.0 || ^19.0 || ^19.0.0-rc" }, "optionalPeers": ["@types/react", "@types/react-dom"] }, "sha512-rDoTeMbCwRVcnmo7NGT9IlPo1yXmEI+xc1URP3oeewwZEV4mdTp1dYUhYbQdo4D1q2SjKVvv4N1gNY77QAQtjA=="],

    "@radix-ui/react-popper": ["@radix-ui/react-popper@1.3.0", "", { "dependencies": { "@floating-ui/react-dom": "^2.0.0", "@radix-ui/react-arrow": "1.1.9", "@radix-ui/react-compose-refs": "1.1.3", "@radix-ui/react-context": "1.1.4", "@radix-ui/react-primitive": "2.1.5", "@radix-ui/react-use-callback-ref": "1.1.2", "@radix-ui/react-use-layout-effect": "1.1.2", "@radix-ui/react-use-rect": "1.1.2", "@radix-ui/react-use-size": "1.1.2", "@radix-ui/rect": "1.1.2" }, "peerDependencies": { "@types/react": "*", "@types/react-dom": "*", "react": "^16.8 || ^17.0 || ^18.0 || ^19.0 || ^19.0.0-rc", "react-dom": "^16.8 || ^17.0 || ^18.0 || ^19.0 || ^19.0.0-rc" }, "optionalPeers": ["@types/react", "@types/react-dom"] }, "sha512-9PB589e1aWZbrlFUHdz6WiPCL+xLZHQFX7oibqG/6Q0SwOkxDyQX9W/cyPa+sAPPKuC8cpLCpRczE5a/1DiwVQ=="],

    "@radix-ui/react-portal": ["@radix-ui/react-portal@1.1.11", "", { "dependencies": { "@radix-ui/react-primitive": "2.1.5", "@radix-ui/react-use-layout-effect": "1.1.2" }, "peerDependencies": { "@types/react": "*", "@types/react-dom": "*", "react": "^16.8 || ^17.0 || ^18.0 || ^19.0 || ^19.0.0-rc", "react-dom": "^16.8 || ^17.0 || ^18.0 || ^19.0 || ^19.0.0-rc" }, "optionalPeers": ["@types/react", "@types/react-dom"] }, "sha512-UEytdjgEh2tJGgD/gZK4FUx6t1rNIlM3U0DENhSrG7I75FGm1DnaDuVUWF1pWAWUwGmn1sCJ1VGHn8LhN1aTOw=="],

    "@radix-ui/react-presence": ["@radix-ui/react-presence@1.1.6", "", { "dependencies": { "@radix-ui/react-use-layout-effect": "1.1.2" }, "peerDependencies": { "@types/react": "*", "@types/react-dom": "*", "react": "^16.8 || ^17.0 || ^18.0 || ^19.0 || ^19.0.0-rc", "react-dom": "^16.8 || ^17.0 || ^18.0 || ^19.0 || ^19.0.0-rc" }, "optionalPeers": ["@types/react", "@types/react-dom"] }, "sha512-zdTk4PlUO0E18HnZ3wYbW0KkJJxWCdiNYp6g6X1PtONFhxVkg01vliTJAmwIszU6mHiyBOoW9P0rAugl5/hULQ=="],

    "@radix-ui/react-primitive": ["@radix-ui/react-primitive@2.1.5", "", { "dependencies": { "@radix-ui/react-slot": "1.2.5" }, "peerDependencies": { "@types/react": "*", "@types/react-dom": "*", "react": "^16.8 || ^17.0 || ^18.0 || ^19.0 || ^19.0.0-rc", "react-dom": "^16.8 || ^17.0 || ^18.0 || ^19.0 || ^19.0.0-rc" }, "optionalPeers": ["@types/react", "@types/react-dom"] }, "sha512-zifXeB8Y88qCYx8PLZ5oQb32KwZub+s925mMoZsBBq9KUQqWKkREubTfs6ASjRPPBe7Jt9O8OHH89+95VG+grA=="],

    "@radix-ui/react-select": ["@radix-ui/react-select@2.3.0", "", { "dependencies": { "@radix-ui/number": "1.1.2", "@radix-ui/primitive": "1.1.4", "@radix-ui/react-collection": "1.1.9", "@radix-ui/react-compose-refs": "1.1.3", "@radix-ui/react-context": "1.1.4", "@radix-ui/react-direction": "1.1.2", "@radix-ui/react-dismissable-layer": "1.1.12", "@radix-ui/react-focus-guards": "1.1.4", "@radix-ui/react-focus-scope": "1.1.9", "@radix-ui/react-id": "1.1.2", "@radix-ui/react-popper": "1.3.0", "@radix-ui/react-portal": "1.1.11", "@radix-ui/react-presence": "1.1.6", "@radix-ui/react-primitive": "2.1.5", "@radix-ui/react-slot": "1.2.5", "@radix-ui/react-use-callback-ref": "1.1.2", "@radix-ui/react-use-controllable-state": "1.2.3", "@radix-ui/react-use-layout-effect": "1.1.2", "@radix-ui/react-use-previous": "1.1.2", "@radix-ui/react-visually-hidden": "1.2.5", "aria-hidden": "^1.2.4", "react-remove-scroll": "^2.7.2" }, "peerDependencies": { "@types/react": "*", "@types/react-dom": "*", "react": "^16.8 || ^17.0 || ^18.0 || ^19.0 || ^19.0.0-rc", "react-dom": "^16.8 || ^17.0 || ^18.0 || ^19.0 || ^19.0.0-rc" }, "optionalPeers": ["@types/react", "@types/react-dom"] }, "sha512-mENc7WpJvJcW8hlMpzfFcHcEhTvYS5JMBmi9HVC1Q00uhBwML086MHYUV8QQdQv6lcu0Wg8dzd1RB8AFADcG/g=="],

    "@radix-ui/react-slot": ["@radix-ui/react-slot@1.2.5", "", { "dependencies": { "@radix-ui/react-compose-refs": "1.1.3" }, "peerDependencies": { "@types/react": "*", "react": "^16.8 || ^17.0 || ^18.0 || ^19.0 || ^19.0.0-rc" }, "optionalPeers": ["@types/react"] }, "sha512-rCMO3QsIVKv5JTY5CVbo2MvO77SpEqqYc8AvRE7OWqRDOIqAKjsp+DrmnY9uc8NPdxB5E2z47HTYGeE2+NTptg=="],

    "@radix-ui/react-use-callback-ref": ["@radix-ui/react-use-callback-ref@1.1.2", "", { "peerDependencies": { "@types/react": "*", "react": "^16.8 || ^17.0 || ^18.0 || ^19.0 || ^19.0.0-rc" }, "optionalPeers": ["@types/react"] }, "sha512-xCso9j1/u8sEgP1RNHjFrXJLApL8LiqOkI1R4ywuN00rxWdYg4oQXuwKLS3i0j5NWLromUD27/4nlxj2UFVvIw=="],

    "@radix-ui/react-use-controllable-state": ["@radix-ui/react-use-controllable-state@1.2.3", "", { "dependencies": { "@radix-ui/react-use-effect-event": "0.0.3", "@radix-ui/react-use-layout-effect": "1.1.2" }, "peerDependencies": { "@types/react": "*", "react": "^16.8 || ^17.0 || ^18.0 || ^19.0 || ^19.0.0-rc" }, "optionalPeers": ["@types/react"] }, "sha512-PLzC90MS+ReootmjC597dvopoelpZ8Q61HJkDXZSExitIq7PL55vHNnesAHwguHK0aPfBnpdNzQtv1uliaqQrA=="],

    "@radix-ui/react-use-effect-event": ["@radix-ui/react-use-effect-event@0.0.3", "", { "dependencies": { "@radix-ui/react-use-layout-effect": "1.1.2" }, "peerDependencies": { "@types/react": "*", "react": "^16.8 || ^17.0 || ^18.0 || ^19.0 || ^19.0.0-rc" }, "optionalPeers": ["@types/react"] }, "sha512-6c8ZqvPTWILEKnyVkP53EGRCcpnJiKTC21sS/6R1GF5xKyHJJWQEPfkqlcgUkdRQivd6tb23abUwe4ngWmY0JA=="],

    "@radix-ui/react-use-escape-keydown": ["@radix-ui/react-use-escape-keydown@1.1.2", "", { "dependencies": { "@radix-ui/react-use-callback-ref": "1.1.2" }, "peerDependencies": { "@types/react": "*", "react": "^16.8 || ^17.0 || ^18.0 || ^19.0 || ^19.0.0-rc" }, "optionalPeers": ["@types/react"] }, "sha512-2uVLvLjgO7NZCWw01/FdqRwmA42J0BcjPMUCA+koFEOAb+zjqIP7SiFz/7zWPrKnVmSqr76Omq2ALyCuX4dhLw=="],

    "@radix-ui/react-use-layout-effect": ["@radix-ui/react-use-layout-effect@1.1.2", "", { "peerDependencies": { "@types/react": "*", "react": "^16.8 || ^17.0 || ^18.0 || ^19.0 || ^19.0.0-rc" }, "optionalPeers": ["@types/react"] }, "sha512-jrBWOxZITuGcnjRCM2t2U5ZPkCLxD+Ym6DjfssS5haTj2iiak/DOb64JeN6OdLfLgptb6/e2kKR+ZuTrGoZTPA=="],

    "@radix-ui/react-use-previous": ["@radix-ui/react-use-previous@1.1.2", "", { "peerDependencies": { "@types/react": "*", "react": "^16.8 || ^17.0 || ^18.0 || ^19.0 || ^19.0.0-rc" }, "optionalPeers": ["@types/react"] }, "sha512-IGBQPtRFdhN6MQ8dbegVmBq1LVZluya3F1jWY+puIcQC3MHctRwTDSBWCkL/3ZcnMJLTMJ++Z+ktmvg0F89iCw=="],

    "@radix-ui/react-use-rect": ["@radix-ui/react-use-rect@1.1.2", "", { "dependencies": { "@radix-ui/rect": "1.1.2" }, "peerDependencies": { "@types/react": "*", "react": "^16.8 || ^17.0 || ^18.0 || ^19.0 || ^19.0.0-rc" }, "optionalPeers": ["@types/react"] }, "sha512-d8a+bBY/FxikNPlgJJoaBHZX+zKVbWHYJGTLnLvveQgFSTntkGdEKv3JDtHrMS0DNYpllz2nRsTLGLKYttbpmw=="],

    "@radix-ui/react-use-size": ["@radix-ui/react-use-size@1.1.2", "", { "dependencies": { "@radix-ui/react-use-layout-effect": "1.1.2" }, "peerDependencies": { "@types/react": "*", "react": "^16.8 || ^17.0 || ^18.0 || ^19.0 || ^19.0.0-rc" }, "optionalPeers": ["@types/react"] }, "sha512-giWQp+4mxjBPt4KZ0MmyuykFNWfbDxKt4x+fPkRYmgRFJSbCZFzUglvMb/Kjn38tm10YP4ufiQZDx3zna4LU6w=="],

    "@radix-ui/react-visually-hidden": ["@radix-ui/react-visually-hidden@1.2.5", "", { "dependencies": { "@radix-ui/react-primitive": "2.1.5" }, "peerDependencies": { "@types/react": "*", "@types/react-dom": "*", "react": "^16.8 || ^17.0 || ^18.0 || ^19.0 || ^19.0.0-rc", "react-dom": "^16.8 || ^17.0 || ^18.0 || ^19.0 || ^19.0.0-rc" }, "optionalPeers": ["@types/react", "@types/react-dom"] }, "sha512-tPcHNI3FajdDBFpl/Ez1m2WL0ufJqBKyHxMDBvKitopamK36WwBGOMicuMEZKkM5Wce41QxUyv6BsiqfrWBiGg=="],

    "@radix-ui/rect": ["@radix-ui/rect@1.1.2", "", {}, "sha512-xnXE7wG13PI+cxieVssYXlQJuYVRhH9NBoxt3KNwzghDIA69GMm7d4wXRouHIYjE+KvS6U/MsMO73NdS2MH9ZA=="],

    "@standard-schema/spec": ["@standard-schema/spec@1.1.0", "", {}, "sha512-l2aFy5jALhniG5HgqrD6jXLi/rUWrKvqN/qJx6yoJsgKhblVd+iqqU4RCXavm/jPityDo5TCvKMnpjKnOriy0w=="],

    "@standard-schema/utils": ["@standard-schema/utils@0.3.0", "", {}, "sha512-e7Mew686owMaPJVNNLs55PUvgz371nKgwsc4vxE49zsODpJEnxgxRo2y/OKrqueavXgZNMDVj3DdHFlaSAeU8g=="],

    "@tanstack/query-core": ["@tanstack/query-core@5.101.0", "", {}, "sha512-cQetA74EB+seWySv1TTKr828TnP0u39m6LykwDXIo84SNortpDkp30TMEjkqtYCNP9c40uT/iwl6MLiufEt0Ow=="],

    "@tanstack/react-query": ["@tanstack/react-query@5.101.0", "", { "dependencies": { "@tanstack/query-core": "5.101.0" }, "peerDependencies": { "react": "^18 || ^19" } }, "sha512-rLlJXSpkqfizLWgkR5+eLeIk0MvTx/meEIR7LRjxic+qxiQP8zVjq7BqQkiCMNLQBlLfuOLqqr6KO5GtrDlmSg=="],

    "@tokenizer/inflate": ["@tokenizer/inflate@0.4.1", "", { "dependencies": { "debug": "^4.4.3", "token-types": "^6.1.1" } }, "sha512-2mAv+8pkG6GIZiF1kNg1jAjh27IDxEPKwdGul3snfztFerfPGI1LjDezZp3i7BElXompqEtPmoPx6c2wgtWsOA=="],

    "@tokenizer/token": ["@tokenizer/token@0.3.0", "", {}, "sha512-OvjF+z51L3ov0OyAU0duzsYuvO01PH7x4t6DJx+guahgTnBHkhJdG7soQeTSFLWN3efnHyibZ4Z8l2EuWwJN3A=="],

    "@xmldom/xmldom": ["@xmldom/xmldom@0.9.10", "", {}, "sha512-A9gOqLdi6cV4ibazAjcQufGj0B1y/vDqYrcuP6d/6x8P27gRS8643Dj9o1dEKtB6O7fwxb2FgBmJS2mX7gpvdw=="],

    "aria-hidden": ["aria-hidden@1.2.6", "", { "dependencies": { "tslib": "^2.0.0" } }, "sha512-ik3ZgC9dY/lYVVM++OISsaYDeg1tb0VtP5uL3ouh1koGOaUMDPpbFIei4JkFimWUFPn90sbMNMXQAIVOlnYKJA=="],

    "camelcase": ["camelcase@5.3.1", "", {}, "sha512-L28STB170nwWS63UjtlEOE3dldQApaJXZkOI1uMFfzf3rRuPegHaHesyee+YxQ+W6SvRDQV6UrdOdRiR153wJg=="],

    "class-variance-authority": ["class-variance-authority@0.7.1", "", { "dependencies": { "clsx": "^2.1.1" } }, "sha512-Ka+9Trutv7G8M6WT6SeiRWz792K5qEqIGEGzXKhAE6xOWAY6pPH8U+9IY3oCMv6kqTmLsv7Xh/2w2RigkePMsg=="],

    "clsx": ["clsx@2.1.1", "", {}, "sha512-eYm0QWBtUrBWZWG0d386OGAw16Z995PiOVo2B7bjWSbHedGl5e0ZWaq65kOGgUSNesEIDkB9ISbTg/JK9dhCZA=="],

    "debug": ["debug@4.4.3", "", { "dependencies": { "ms": "^2.1.3" } }, "sha512-RGwwWnwQvkVfavKVt22FGLw+xYSdzARwm0ru6DhTVA3umU5hZc28V3kO4stgYryrTlLpuvgI9GiijltAjNbcqA=="],

    "detect-libc": ["detect-libc@2.1.2", "", {}, "sha512-Btj2BOOO83o3WyH59e8MgXsxEQVcarkUOpEYrubB0urwnN10yQ364rsiByU11nZlqWYZm05i/of7io4mzihBtQ=="],

    "detect-node-es": ["detect-node-es@1.1.0", "", {}, "sha512-ypdmJU/TbBby2Dxibuv7ZLW3Bs1QEmM7nHjEANfohJLvE0XVujisn1qPJcZxg+qDucsr+bP6fLD1rPS3AhJ7EQ=="],

    "file-type": ["file-type@22.0.1", "", { "dependencies": { "@tokenizer/inflate": "^0.4.1", "strtok3": "^10.3.5", "token-types": "^6.1.2", "uint8array-extras": "^1.5.0" } }, "sha512-ww5Mhre0EE+jmBvOXTmXAbEMuZE7uX4a3+oRCQFNj8w++g3ev913N6tXQz0XTXbueQ5TWQfm6BdaViEHHn8bhA=="],

    "foldline": ["foldline@1.1.0", "", {}, "sha512-9SheyADS50hjvFYjFJ3OB/GlDz2mD1T2CHd7auIk4Uto5YYWPBcw8iYo3F+gENJ+/SOeH9tT0loHZSqlUlumTA=="],

    "get-nonce": ["get-nonce@1.0.1", "", {}, "sha512-FJhYRoDaiatfEkUK8HKlicmu/3SGFD51q3itKDGoSTysQJBnfOcxU5GxnhE1E6soB76MbT0MBtnKJuXyAx+96Q=="],

    "ical-generator": ["ical-generator@10.2.0", "", { "peerDependencies": { "@touch4it/ical-timezones": ">=1.6.0", "@types/luxon": ">= 1.26.0", "@types/mocha": ">= 8.2.1", "dayjs": ">= 1.10.0", "luxon": ">= 1.26.0", "moment": ">= 2.29.0", "moment-timezone": ">= 0.5.33", "rrule": ">= 2.6.8" }, "optionalPeers": ["@touch4it/ical-timezones", "@types/luxon", "@types/mocha", "dayjs", "luxon", "moment", "moment-timezone", "rrule"] }, "sha512-XR5FsiDWCsz5MwBwMA/sQqR3A9H240xkXIeXOabV7uNAiieP+TA9rleVvlwPLRXMz+CXME8cGuDd7cdnE5At6w=="],

    "ieee754": ["ieee754@1.2.1", "", {}, "sha512-dcyqhDvX1C46lXZcVqCpK+FtMRQVdIMN6/Df5js2zouUsqG7I6sFxitIC+7KYK29KdXOLHdu9zL4sFnoVQnqaA=="],

    "lucide-react": ["lucide-react@0.511.0", "", { "peerDependencies": { "react": "^16.5.1 || ^17.0.0 || ^18.0.0 || ^19.0.0" } }, "sha512-VK5a2ydJ7xm8GvBeKLS9mu1pVK6ucef9780JVUjw6bAjJL/QXnd4Y0p7SPeOUMC27YhzNCZvm5d/QX0Tp3rc0w=="],

    "ms": ["ms@2.1.3", "", {}, "sha512-6FlzubTLZG3J2a/NVCAleEhjzq5oxgHyaCU9yYXvcLsvoVaHJq/s5xXI6/XXP6tz7R9xAOtHnSO/tXtF3WRTlA=="],

    "qrcode.react": ["qrcode.react@4.2.0", "", { "peerDependencies": { "react": "^16.8.0 || ^17.0.0 || ^18.0.0 || ^19.0.0" } }, "sha512-QpgqWi8rD9DsS9EP3z7BT+5lY5SFhsqGjpgW5DY/i3mK4M9DTBNz3ErMi8BWYEfI3L0d8GIbGmcdFAS1uIRGjA=="],

    "radash": ["radash@12.1.1", "", {}, "sha512-h36JMxKRqrAxVD8201FrCpyeNuUY9Y5zZwujr20fFO77tpUtGa6EZzfKw/3WaiBX95fq7+MpsuMLNdSnORAwSA=="],

    "react": ["react@19.2.7", "", {}, "sha512-HNe9WslTbXmFK8o8cmwgAeJFSBvt1bPdHCVKtaaV+WlAN36mpT4hcRpwbf3fY56ar2oIXzsBpOAiIRHAdY0OlQ=="],

    "react-dom": ["react-dom@19.2.7", "", { "dependencies": { "scheduler": "^0.27.0" }, "peerDependencies": { "react": "^19.2.7" } }, "sha512-t0BRVXvbiE/o20Hfw669rLbMCDWtYZLvmJigy2f0MxsXF+71pxhR3xOkspmsO8h3ZlNzyibAmtCa3l4lYKk6gQ=="],

    "react-hook-form": ["react-hook-form@7.78.0", "", { "peerDependencies": { "react": "^16.8.0 || ^17 || ^18 || ^19" } }, "sha512-EEZqc+N23moyzTlz61Pj+JvcXo76ICkpfOZo8JZw+sM4+wLQGh6nI2Ms+PdMOYNluFu0ghlM7B8mCzhRYtJCnA=="],

    "react-remove-scroll": ["react-remove-scroll@2.7.2", "", { "dependencies": { "react-remove-scroll-bar": "^2.3.7", "react-style-singleton": "^2.2.3", "tslib": "^2.1.0", "use-callback-ref": "^1.3.3", "use-sidecar": "^1.1.3" }, "peerDependencies": { "@types/react": "*", "react": "^16.8.0 || ^17.0.0 || ^18.0.0 || ^19.0.0 || ^19.0.0-rc" }, "optionalPeers": ["@types/react"] }, "sha512-Iqb9NjCCTt6Hf+vOdNIZGdTiH1QSqr27H/Ek9sv/a97gfueI/5h1s3yRi1nngzMUaOOToin5dI1dXKdXiF+u0Q=="],

    "react-remove-scroll-bar": ["react-remove-scroll-bar@2.3.8", "", { "dependencies": { "react-style-singleton": "^2.2.2", "tslib": "^2.0.0" }, "peerDependencies": { "@types/react": "*", "react": "^16.8.0 || ^17.0.0 || ^18.0.0 || ^19.0.0" }, "optionalPeers": ["@types/react"] }, "sha512-9r+yi9+mgU33AKcj6IbT9oRCO78WriSj6t/cF8DWBZJ9aOGPOTEDvdUDz1FwKim7QXWwmHqtdHnRJfhAxEG46Q=="],

    "react-style-singleton": ["react-style-singleton@2.2.3", "", { "dependencies": { "get-nonce": "^1.0.0", "tslib": "^2.0.0" }, "peerDependencies": { "@types/react": "*", "react": "^16.8.0 || ^17.0.0 || ^18.0.0 || ^19.0.0 || ^19.0.0-rc" }, "optionalPeers": ["@types/react"] }, "sha512-b6jSvxvVnyptAiLjbkWLE/lOnR4lfTtDAl+eUC7RZy+QQWc6wRzIV2CE6xBuMmDxc2qIihtDCZD5NPOFl7fRBQ=="],

    "scheduler": ["scheduler@0.27.0", "", {}, "sha512-eNv+WrVbKu1f3vbYJT/xtiF5syA5HPIMtf9IgY/nKg0sWqzAUEvqY/xm7OcZc/qafLx/iO9FgOmeSAp4v5ti/Q=="],

    "semver": ["semver@7.8.4", "", { "bin": { "semver": "bin/semver.js" } }, "sha512-rUCObTnP32Q08R2uuIrt7r9PlEonuTmtuXYcW6s5kjdlj3xbnwe+21yXptAUYcMAABLkYYTtnmzb3w3EDZfueA=="],

    "sharp": ["sharp@0.34.5", "", { "dependencies": { "@img/colour": "^1.0.0", "detect-libc": "^2.1.2", "semver": "^7.7.3" }, "optionalDependencies": { "@img/sharp-darwin-arm64": "0.34.5", "@img/sharp-darwin-x64": "0.34.5", "@img/sharp-libvips-darwin-arm64": "1.2.4", "@img/sharp-libvips-darwin-x64": "1.2.4", "@img/sharp-libvips-linux-arm": "1.2.4", "@img/sharp-libvips-linux-arm64": "1.2.4", "@img/sharp-libvips-linux-ppc64": "1.2.4", "@img/sharp-libvips-linux-riscv64": "1.2.4", "@img/sharp-libvips-linux-s390x": "1.2.4", "@img/sharp-libvips-linux-x64": "1.2.4", "@img/sharp-libvips-linuxmusl-arm64": "1.2.4", "@img/sharp-libvips-linuxmusl-x64": "1.2.4", "@img/sharp-linux-arm": "0.34.5", "@img/sharp-linux-arm64": "0.34.5", "@img/sharp-linux-ppc64": "0.34.5", "@img/sharp-linux-riscv64": "0.34.5", "@img/sharp-linux-s390x": "0.34.5", "@img/sharp-linux-x64": "0.34.5", "@img/sharp-linuxmusl-arm64": "0.34.5", "@img/sharp-linuxmusl-x64": "0.34.5", "@img/sharp-wasm32": "0.34.5", "@img/sharp-win32-arm64": "0.34.5", "@img/sharp-win32-ia32": "0.34.5", "@img/sharp-win32-x64": "0.34.5" } }, "sha512-Ou9I5Ft9WNcCbXrU9cMgPBcCK8LiwLqcbywW3t4oDV37n1pzpuNLsYiAV8eODnjbtQlSDwZ2cUEeQz4E54Hltg=="],

    "strtok3": ["strtok3@10.3.5", "", { "dependencies": { "@tokenizer/token": "^0.3.0" } }, "sha512-ki4hZQfh5rX0QDLLkOCj+h+CVNkqmp/CMf8v8kZpkNVK6jGQooMytqzLZYUVYIZcFZ6yDB70EfD8POcFXiF5oA=="],

    "tagged-tag": ["tagged-tag@1.0.0", "", {}, "sha512-yEFYrVhod+hdNyx7g5Bnkkb0G6si8HJurOoOEgC8B/O0uXLHlaey/65KRv6cuWBNhBgHKAROVpc7QyYqE5gFng=="],

    "tailwind-merge": ["tailwind-merge@3.6.0", "", {}, "sha512-uxL7qAVQriqRQPAyK3pj66VqskWqoZ37PW94jwOTwNfq/z9oyu1V+eqrZqtR2+fCiXdYOZe/Modt8GtvqNzu+w=="],

    "token-types": ["token-types@6.1.2", "", { "dependencies": { "@borewit/text-codec": "^0.2.1", "@tokenizer/token": "^0.3.0", "ieee754": "^1.2.1" } }, "sha512-dRXchy+C0IgK8WPC6xvCHFRIWYUbqqdEIKPaKo/AcTUNzwLTK6AH7RjdLWsEZcAN/TBdtfUw3PYEgPr5VPr6ww=="],

    "tslib": ["tslib@2.8.1", "", {}, "sha512-oJFu94HQb+KVduSUQL7wnpmqnfmLsOA/nAh6b6EH0wCEoK0/mPeXU6c3wKDV83MkOuHPRHtSXKKU99IBazS/2w=="],

    "type-fest": ["type-fest@5.7.0", "", { "dependencies": { "tagged-tag": "^1.0.0" } }, "sha512-1URUxUqfHFM1c+zfSPsa3gnkO7Aq21qyH75SIduNYz4SzY964rn1X2vCMQaHSHhktiw+0kPa2iyb6PUpXqB6Vg=="],

    "uint8array-extras": ["uint8array-extras@1.5.0", "", {}, "sha512-rvKSBiC5zqCCiDZ9kAOszZcDvdAHwwIKJG33Ykj43OKcWsnmcBRL09YTU4nOeHZ8Y2a7l1MgTd08SBe9A8Qj6A=="],

    "use-callback-ref": ["use-callback-ref@1.3.3", "", { "dependencies": { "tslib": "^2.0.0" }, "peerDependencies": { "@types/react": "*", "react": "^16.8.0 || ^17.0.0 || ^18.0.0 || ^19.0.0 || ^19.0.0-rc" }, "optionalPeers": ["@types/react"] }, "sha512-jQL3lRnocaFtu3V00JToYz/4QkNWswxijDaCVNZRiRTO3HQDLsdu1ZtmIUvV4yPp+rvWm5j0y0TG/S61cuijTg=="],

    "use-sidecar": ["use-sidecar@1.1.3", "", { "dependencies": { "detect-node-es": "^1.1.0", "tslib": "^2.0.0" }, "peerDependencies": { "@types/react": "*", "react": "^16.8.0 || ^17.0.0 || ^18.0.0 || ^19.0.0 || ^19.0.0-rc" }, "optionalPeers": ["@types/react"] }, "sha512-Fedw0aZvkhynoPYlA5WXrMCAMm+nSWdZt6lzJQ7Ok8S6Q+VsHmHpRWndVRJ8Be0ZbkfPc5LRYH+5XrzXcEeLRQ=="],

    "vaul": ["vaul@1.1.2", "", { "dependencies": { "@radix-ui/react-dialog": "^1.1.1" }, "peerDependencies": { "react": "^16.8 || ^17.0 || ^18.0 || ^19.0.0 || ^19.0.0-rc", "react-dom": "^16.8 || ^17.0 || ^18.0 || ^19.0.0 || ^19.0.0-rc" } }, "sha512-ZFkClGpWyI2WUQjdLJ/BaGuV6AVQiJ3uELGk3OYtP+B6yCO7Cmn9vPFXVJkRaGkOJu3m8bQMgtyzNHixULceQA=="],

    "vcards-js": ["vcards-js@2.10.0", "", {}, "sha512-nah+xbVInVJaO6+C5PEUqaougmv8BN8aa7ZCtmVQcX6eWIZGRukckFtseXSI7KD7/nXtwkJe624y42T0r+L+AQ=="],

    "vcf": ["vcf@2.1.2", "", { "dependencies": { "camelcase": "^5.0.0", "foldline": "^1.1.0" } }, "sha512-oLYtZ+GJPjpKS950fw70+HavdP7ZO2Q+xMCMeCyiUKuXkJJJG1/wUjCKTagPryS1gApYjZOWW/khmdLsch8jxg=="],

    "ws": ["ws@8.21.0", "", { "peerDependencies": { "bufferutil": "^4.0.1", "utf-8-validate": ">=5.0.2" }, "optionalPeers": ["bufferutil", "utf-8-validate"] }, "sha512-Vsp28b7DRcimFQvrqu2Wek3z1iYxDCWqHYB8Qsnk/S4RfaCQzPGPyBNuVjJV3cd6UiKtUtp6sNM77gWvzcCH+g=="],

    "zod": ["zod@3.25.76", "", {}, "sha512-gzUt/qt81nXsFGKIFcC3YnfEAx5NkunCfnDlvuBSSFS02bcXu4Lmea0AFIUwbLWxWPx3d9p8S5QoaujKcNQxcQ=="],

    "@orpc/contract/@orpc/client": ["@orpc/client@1.3.0", "", { "dependencies": { "@orpc/shared": "1.3.0", "@orpc/standard-server": "1.3.0", "@orpc/standard-server-fetch": "1.3.0", "@orpc/standard-server-peer": "1.3.0" } }, "sha512-xFrhgHuE7NJMwdr+HtDUoULCSa3qgNMRaOVP9UsjIPhjEiu/7yYQAopePbqZVh6H135VDuG1sKxx3PX5+fqPIQ=="],

    "@orpc/contract/@orpc/shared": ["@orpc/shared@1.3.0", "", { "dependencies": { "radash": "^12.1.0", "type-fest": "^4.39.1" } }, "sha512-QIFw16fFrynabVbcuK8+t68PvSYkpltBcD1R+9sY0UGKFuk5dVLkRBziBqfix9uDogpEwrk05IovMFCppO1WzA=="],

    "@orpc/server/@orpc/client": ["@orpc/client@1.3.0", "", { "dependencies": { "@orpc/shared": "1.3.0", "@orpc/standard-server": "1.3.0", "@orpc/standard-server-fetch": "1.3.0", "@orpc/standard-server-peer": "1.3.0" } }, "sha512-xFrhgHuE7NJMwdr+HtDUoULCSa3qgNMRaOVP9UsjIPhjEiu/7yYQAopePbqZVh6H135VDuG1sKxx3PX5+fqPIQ=="],

    "@orpc/server/@orpc/shared": ["@orpc/shared@1.3.0", "", { "dependencies": { "radash": "^12.1.0", "type-fest": "^4.39.1" } }, "sha512-QIFw16fFrynabVbcuK8+t68PvSYkpltBcD1R+9sY0UGKFuk5dVLkRBziBqfix9uDogpEwrk05IovMFCppO1WzA=="],

    "@orpc/server/@orpc/standard-server": ["@orpc/standard-server@1.3.0", "", { "dependencies": { "@orpc/shared": "1.3.0" } }, "sha512-02NjLPsHmME5x7zYcd1FuZW/WTlAgkF6MBhZXHImosAZdGcVddDVhRLtYWud/GFc+u5oyq7i/6u2+2j6QEnpcA=="],

    "@orpc/server/@orpc/standard-server-fetch": ["@orpc/standard-server-fetch@1.3.0", "", { "dependencies": { "@orpc/shared": "1.3.0", "@orpc/standard-server": "1.3.0" } }, "sha512-p5FKm/nc0ZwvVWUEEPjN/SCK/4fYP3wWoP/R4/kEFt+hDxfBIYOq7iwUmyi1Gx0DxwXMjy60o+skCDez3Mmzmw=="],

    "@orpc/server/@orpc/standard-server-peer": ["@orpc/standard-server-peer@1.3.0", "", { "dependencies": { "@orpc/shared": "1.3.0", "@orpc/standard-server": "1.3.0" } }, "sha512-tiI2Ds59qvHVC4BpcF797Z3w7pMY75yZjmSqIYnYEak3MP6ThstUyQX6bzpON/9GcDyZtw2nr3+BklBHKxNXGQ=="],

    "@orpc/standard-server-node/@orpc/shared": ["@orpc/shared@1.3.0", "", { "dependencies": { "radash": "^12.1.0", "type-fest": "^4.39.1" } }, "sha512-QIFw16fFrynabVbcuK8+t68PvSYkpltBcD1R+9sY0UGKFuk5dVLkRBziBqfix9uDogpEwrk05IovMFCppO1WzA=="],

    "@orpc/standard-server-node/@orpc/standard-server": ["@orpc/standard-server@1.3.0", "", { "dependencies": { "@orpc/shared": "1.3.0" } }, "sha512-02NjLPsHmME5x7zYcd1FuZW/WTlAgkF6MBhZXHImosAZdGcVddDVhRLtYWud/GFc+u5oyq7i/6u2+2j6QEnpcA=="],

    "@orpc/contract/@orpc/client/@orpc/standard-server": ["@orpc/standard-server@1.3.0", "", { "dependencies": { "@orpc/shared": "1.3.0" } }, "sha512-02NjLPsHmME5x7zYcd1FuZW/WTlAgkF6MBhZXHImosAZdGcVddDVhRLtYWud/GFc+u5oyq7i/6u2+2j6QEnpcA=="],

    "@orpc/contract/@orpc/client/@orpc/standard-server-fetch": ["@orpc/standard-server-fetch@1.3.0", "", { "dependencies": { "@orpc/shared": "1.3.0", "@orpc/standard-server": "1.3.0" } }, "sha512-p5FKm/nc0ZwvVWUEEPjN/SCK/4fYP3wWoP/R4/kEFt+hDxfBIYOq7iwUmyi1Gx0DxwXMjy60o+skCDez3Mmzmw=="],

    "@orpc/contract/@orpc/client/@orpc/standard-server-peer": ["@orpc/standard-server-peer@1.3.0", "", { "dependencies": { "@orpc/shared": "1.3.0", "@orpc/standard-server": "1.3.0" } }, "sha512-tiI2Ds59qvHVC4BpcF797Z3w7pMY75yZjmSqIYnYEak3MP6ThstUyQX6bzpON/9GcDyZtw2nr3+BklBHKxNXGQ=="],

    "@orpc/contract/@orpc/shared/type-fest": ["type-fest@4.41.0", "", {}, "sha512-TeTSQ6H5YHvpqVwBRcnLDCBnDOHWYu7IvGbHT6N8AOymcr9PJGjc1GTtiWZTYg0NCgYwvnYWEkVChQAr9bjfwA=="],

    "@orpc/server/@orpc/shared/type-fest": ["type-fest@4.41.0", "", {}, "sha512-TeTSQ6H5YHvpqVwBRcnLDCBnDOHWYu7IvGbHT6N8AOymcr9PJGjc1GTtiWZTYg0NCgYwvnYWEkVChQAr9bjfwA=="],

    "@orpc/standard-server-node/@orpc/shared/type-fest": ["type-fest@4.41.0", "", {}, "sha512-TeTSQ6H5YHvpqVwBRcnLDCBnDOHWYu7IvGbHT6N8AOymcr9PJGjc1GTtiWZTYg0NCgYwvnYWEkVChQAr9bjfwA=="],
  }
}
