{
  "name": "storefront",
  "lockfileVersion": 3,
  "packages": {
    "": {"name": "storefront", "version": "2.3.0", "license": "MIT"},
    "node_modules/chart-kit": {"version": "4.1.2", "license": "Apache-2.0"},
    "node_modules/date-fns": {"version": "3.6.0", "license": "MIT"},
    "node_modules/pdf-render": {"version": "1.2.4", "license": "AGPL-3.0-or-later"},
    "node_modules/pdf-render/node_modules/font-pack": {"version": "0.9.1", "license": "OFL-1.1"}
  }
}
