{
  "lockfileVersion": 1,
  "workspaces": {
    "": {
      "name": "@openagentsinc/assistant-ui-runtime",
      "dependencies": {
        "@radix-ui/primitive": "^1.1.3",
        "@radix-ui/react-compose-refs": "^1.1.2",
        "@radix-ui/react-context": "^1.1.2",
        "@radix-ui/react-popover": "^1.1.15",
        "@radix-ui/react-primitive": "^2.1.3",
        "@radix-ui/react-slot": "^1.2.3",
        "@radix-ui/react-use-callback-ref": "^1.1.1",
        "@radix-ui/react-use-escape-keydown": "^1.1.1",
        "assistant-stream": "^0.2.39",
        "react-textarea-autosize": "^8.5.9",
        "zod": "^4.1.12",
        "zustand": "^5.0.8",
      },
      "peerDependencies": {
        "react": "^18 || ^19",
        "react-dom": "^18 || ^19",
      },
    },
  },
  "packages": {
    "@babel/runtime": ["@babel/runtime@7.28.4", "", {}, "sha512-Q/N6JNWvIvPnLDvjlE1OUBLPQHH6l3CltCEsHIujp45zQUSSh8K+gHnaEX45yAT1nyngnINhvWtzN+Nb9D8RAQ=="],

    "@floating-ui/core": ["@floating-ui/core@1.7.3", "", { "dependencies": { "@floating-ui/utils": "^0.2.10" } }, "sha512-sGnvb5dmrJaKEZ+LDIpguvdX3bDlEllmv4/ClQ9awcmCZrlx5jQyyMWFM5kBI+EyNOCDDiKk8il0zeuX3Zlg/w=="],

    "@floating-ui/dom": ["@floating-ui/dom@1.7.4", "", { "dependencies": { "@floating-ui/core": "^1.7.3", "@floating-ui/utils": "^0.2.10" } }, "sha512-OOchDgh4F2CchOX94cRVqhvy7b3AFb+/rQXyswmzmGakRfkMgoWVjfnLWkRirfLEfuD4ysVW16eXzwt3jHIzKA=="],

    "@floating-ui/react-dom": ["@floating-ui/react-dom@2.1.6", "", { "dependencies": { "@floating-ui/dom": "^1.7.4" }, "peerDependencies": { "react": ">=16.8.0", "react-dom": ">=16.8.0" } }, "sha512-4JX6rEatQEvlmgU80wZyq9RT96HZJa88q8hp0pBd+LrczeDI4o6uA2M+uvxngVHo4Ihr8uibXxH6+70zhAFrVw=="],

    "@floating-ui/utils": ["@floating-ui/utils@0.2.10", "", {}, "sha512-aGTxbpbg8/b5JfU1HXSrbH3wXZuLPJcNEcZQFMxLs3oSzgtVu6nFPkbbGGUvBcUjKV2YyB9Wxxabo+HEH9tcRQ=="],

    "@radix-ui/primitive": ["@radix-ui/primitive@1.1.3", "", {}, "sha512-JTF99U/6XIjCBo0wqkU5sK10glYe27MRRsfwoiq5zzOEZLHU3A3KCMa5X/azekYRCJ0HlwI0crAXS/5dEHTzDg=="],

    "@radix-ui/react-arrow": ["@radix-ui/react-arrow@1.1.7", "", { "dependencies": { "@radix-ui/react-primitive": "2.1.3" }, "peerDependencies": { "@types/react": "*", "@types/react-dom": "*", "react": "^16.8 || ^17.0 || ^18.0 || ^19.0 || ^19.0.0-rc", "react-dom": "^16.8 || ^17.0 || ^18.0 || ^19.0 || ^19.0.0-rc" }, "optionalPeers": ["@types/react", "@types/react-dom"] }, "sha512-F+M1tLhO+mlQaOWspE8Wstg+z6PwxwRd8oQ8IXceWz92kfAmalTRf0EjrouQeo7QssEPfCn05B4Ihs1K9WQ/7w=="],

    "@radix-ui/react-compose-refs": ["@radix-ui/react-compose-refs@1.1.2", "", { "peerDependencies": { "@types/react": "*", "react": "^16.8 || ^17.0 || ^18.0 || ^19.0 || ^19.0.0-rc" }, "optionalPeers": ["@types/react"] }, "sha512-z4eqJvfiNnFMHIIvXP3CY57y2WJs5g2v3X0zm9mEJkrkNv4rDxu+sg9Jh8EkXyeqBkB7SOcboo9dMVqhyrACIg=="],

    "@radix-ui/react-context": ["@radix-ui/react-context@1.1.3", "", { "peerDependencies": { "@types/react": "*", "react": "^16.8 || ^17.0 || ^18.0 || ^19.0 || ^19.0.0-rc" }, "optionalPeers": ["@types/react"] }, "sha512-ieIFACdMpYfMEjF0rEf5KLvfVyIkOz6PDGyNnP+u+4xQ6jny3VCgA4OgXOwNx2aUkxn8zx9fiVcM8CfFYv9Lxw=="],

    "@radix-ui/react-dismissable-layer": ["@radix-ui/react-dismissable-layer@1.1.11", "", { "dependencies": { "@radix-ui/primitive": "1.1.3", "@radix-ui/react-compose-refs": "1.1.2", "@radix-ui/react-primitive": "2.1.3", "@radix-ui/react-use-callback-ref": "1.1.1", "@radix-ui/react-use-escape-keydown": "1.1.1" }, "peerDependencies": { "@types/react": "*", "@types/react-dom": "*", "react": "^16.8 || ^17.0 || ^18.0 || ^19.0 || ^19.0.0-rc", "react-dom": "^16.8 || ^17.0 || ^18.0 || ^19.0 || ^19.0.0-rc" }, "optionalPeers": ["@types/react", "@types/react-dom"] }, "sha512-Nqcp+t5cTB8BinFkZgXiMJniQH0PsUt2k51FUhbdfeKvc4ACcG2uQniY/8+h1Yv6Kza4Q7lD7PQV0z0oicE0Mg=="],

    "@radix-ui/react-focus-guards": ["@radix-ui/react-focus-guards@1.1.3", "", { "peerDependencies": { "@types/react": "*", "react": "^16.8 || ^17.0 || ^18.0 || ^19.0 || ^19.0.0-rc" }, "optionalPeers": ["@types/react"] }, "sha512-0rFg/Rj2Q62NCm62jZw0QX7a3sz6QCQU0LpZdNrJX8byRGaGVTqbrW9jAoIAHyMQqsNpeZ81YgSizOt5WXq0Pw=="],

    "@radix-ui/react-focus-scope": ["@radix-ui/react-focus-scope@1.1.7", "", { "dependencies": { "@radix-ui/react-compose-refs": "1.1.2", "@radix-ui/react-primitive": "2.1.3", "@radix-ui/react-use-callback-ref": "1.1.1" }, "peerDependencies": { "@types/react": "*", "@types/react-dom": "*", "react": "^16.8 || ^17.0 || ^18.0 || ^19.0 || ^19.0.0-rc", "react-dom": "^16.8 || ^17.0 || ^18.0 || ^19.0 || ^19.0.0-rc" }, "optionalPeers": ["@types/react", "@types/react-dom"] }, "sha512-t2ODlkXBQyn7jkl6TNaw/MtVEVvIGelJDCG41Okq/KwUsJBwQ4XVZsHAVUkK4mBv3ewiAS3PGuUWuY2BoK4ZUw=="],

    "@radix-ui/react-id": ["@radix-ui/react-id@1.1.1", "", { "dependencies": { "@radix-ui/react-use-layout-effect": "1.1.1" }, "peerDependencies": { "@types/react": "*", "react": "^16.8 || ^17.0 || ^18.0 || ^19.0 || ^19.0.0-rc" }, "optionalPeers": ["@types/react"] }, "sha512-kGkGegYIdQsOb4XjsfM97rXsiHaBwco+hFI66oO4s9LU+PLAC5oJ7khdOVFxkhsmlbpUqDAvXw11CluXP+jkHg=="],

    "@radix-ui/react-popover": ["@radix-ui/react-popover@1.1.15", "", { "dependencies": { "@radix-ui/primitive": "1.1.3", "@radix-ui/react-compose-refs": "1.1.2", "@radix-ui/react-context": "1.1.2", "@radix-ui/react-dismissable-layer": "1.1.11", "@radix-ui/react-focus-guards": "1.1.3", "@radix-ui/react-focus-scope": "1.1.7", "@radix-ui/react-id": "1.1.1", "@radix-ui/react-popper": "1.2.8", "@radix-ui/react-portal": "1.1.9", "@radix-ui/react-presence": "1.1.5", "@radix-ui/react-primitive": "2.1.3", "@radix-ui/react-slot": "1.2.3", "@radix-ui/react-use-controllable-state": "1.2.2", "aria-hidden": "^1.2.4", "react-remove-scroll": "^2.6.3" }, "peerDependencies": { "@types/react": "*", "@types/react-dom": "*", "react": "^16.8 || ^17.0 || ^18.0 || ^19.0 || ^19.0.0-rc", "react-dom": "^16.8 || ^17.0 || ^18.0 || ^19.0 || ^19.0.0-rc" }, "optionalPeers": ["@types/react", "@types/react-dom"] }, "sha512-kr0X2+6Yy/vJzLYJUPCZEc8SfQcf+1COFoAqauJm74umQhta9M7lNJHP7QQS3vkvcGLQUbWpMzwrXYwrYztHKA=="],

    "@radix-ui/react-popper": ["@radix-ui/react-popper@1.2.8", "", { "dependencies": { "@floating-ui/react-dom": "^2.0.0", "@radix-ui/react-arrow": "1.1.7", "@radix-ui/react-compose-refs": "1.1.2", "@radix-ui/react-context": "1.1.2", "@radix-ui/react-primitive": "2.1.3", "@radix-ui/react-use-callback-ref": "1.1.1", "@radix-ui/react-use-layout-effect": "1.1.1", "@radix-ui/react-use-rect": "1.1.1", "@radix-ui/react-use-size": "1.1.1", "@radix-ui/rect": "1.1.1" }, "peerDependencies": { "@types/react": "*", "@types/react-dom": "*", "react": "^16.8 || ^17.0 || ^18.0 || ^19.0 || ^19.0.0-rc", "react-dom": "^16.8 || ^17.0 || ^18.0 || ^19.0 || ^19.0.0-rc" }, "optionalPeers": ["@types/react", "@types/react-dom"] }, "sha512-0NJQ4LFFUuWkE7Oxf0htBKS6zLkkjBH+hM1uk7Ng705ReR8m/uelduy1DBo0PyBXPKVnBA6YBlU94MBGXrSBCw=="],

    "@radix-ui/react-portal": ["@radix-ui/react-portal@1.1.9", "", { "dependencies": { "@radix-ui/react-primitive": "2.1.3", "@radix-ui/react-use-layout-effect": "1.1.1" }, "peerDependencies": { "@types/react": "*", "@types/react-dom": "*", "react": "^16.8 || ^17.0 || ^18.0 || ^19.0 || ^19.0.0-rc", "react-dom": "^16.8 || ^17.0 || ^18.0 || ^19.0 || ^19.0.0-rc" }, "optionalPeers": ["@types/react", "@types/react-dom"] }, "sha512-bpIxvq03if6UNwXZ+HTK71JLh4APvnXntDc6XOX8UVq4XQOVl7lwok0AvIl+b8zgCw3fSaVTZMpAPPagXbKmHQ=="],

    "@radix-ui/react-presence": ["@radix-ui/react-presence@1.1.5", "", { "dependencies": { "@radix-ui/react-compose-refs": "1.1.2", "@radix-ui/react-use-layout-effect": "1.1.1" }, "peerDependencies": { "@types/react": "*", "@types/react-dom": "*", "react": "^16.8 || ^17.0 || ^18.0 || ^19.0 || ^19.0.0-rc", "react-dom": "^16.8 || ^17.0 || ^18.0 || ^19.0 || ^19.0.0-rc" }, "optionalPeers": ["@types/react", "@types/react-dom"] }, "sha512-/jfEwNDdQVBCNvjkGit4h6pMOzq8bHkopq458dPt2lMjx+eBQUohZNG9A7DtO/O5ukSbxuaNGXMjHicgwy6rQQ=="],

    "@radix-ui/react-primitive": ["@radix-ui/react-primitive@2.1.4", "", { "dependencies": { "@radix-ui/react-slot": "1.2.4" }, "peerDependencies": { "@types/react": "*", "@types/react-dom": "*", "react": "^16.8 || ^17.0 || ^18.0 || ^19.0 || ^19.0.0-rc", "react-dom": "^16.8 || ^17.0 || ^18.0 || ^19.0 || ^19.0.0-rc" }, "optionalPeers": ["@types/react", "@types/react-dom"] }, "sha512-9hQc4+GNVtJAIEPEqlYqW5RiYdrr8ea5XQ0ZOnD6fgru+83kqT15mq2OCcbe8KnjRZl5vF3ks69AKz3kh1jrhg=="],

    "@radix-ui/react-slot": ["@radix-ui/react-slot@1.2.4", "", { "dependencies": { "@radix-ui/react-compose-refs": "1.1.2" }, "peerDependencies": { "@types/react": "*", "react": "^16.8 || ^17.0 || ^18.0 || ^19.0 || ^19.0.0-rc" }, "optionalPeers": ["@types/react"] }, "sha512-Jl+bCv8HxKnlTLVrcDE8zTMJ09R9/ukw4qBs/oZClOfoQk/cOTbDn+NceXfV7j09YPVQUryJPHurafcSg6EVKA=="],

    "@radix-ui/react-use-callback-ref": ["@radix-ui/react-use-callback-ref@1.1.1", "", { "peerDependencies": { "@types/react": "*", "react": "^16.8 || ^17.0 || ^18.0 || ^19.0 || ^19.0.0-rc" }, "optionalPeers": ["@types/react"] }, "sha512-FkBMwD+qbGQeMu1cOHnuGB6x4yzPjho8ap5WtbEJ26umhgqVXbhekKUQO+hZEL1vU92a3wHwdp0HAcqAUF5iDg=="],

    "@radix-ui/react-use-controllable-state": ["@radix-ui/react-use-controllable-state@1.2.2", "", { "dependencies": { "@radix-ui/react-use-effect-event": "0.0.2", "@radix-ui/react-use-layout-effect": "1.1.1" }, "peerDependencies": { "@types/react": "*", "react": "^16.8 || ^17.0 || ^18.0 || ^19.0 || ^19.0.0-rc" }, "optionalPeers": ["@types/react"] }, "sha512-BjasUjixPFdS+NKkypcyyN5Pmg83Olst0+c6vGov0diwTEo6mgdqVR6hxcEgFuh4QrAs7Rc+9KuGJ9TVCj0Zzg=="],

    "@radix-ui/react-use-effect-event": ["@radix-ui/react-use-effect-event@0.0.2", "", { "dependencies": { "@radix-ui/react-use-layout-effect": "1.1.1" }, "peerDependencies": { "@types/react": "*", "react": "^16.8 || ^17.0 || ^18.0 || ^19.0 || ^19.0.0-rc" }, "optionalPeers": ["@types/react"] }, "sha512-Qp8WbZOBe+blgpuUT+lw2xheLP8q0oatc9UpmiemEICxGvFLYmHm9QowVZGHtJlGbS6A6yJ3iViad/2cVjnOiA=="],

    "@radix-ui/react-use-escape-keydown": ["@radix-ui/react-use-escape-keydown@1.1.1", "", { "dependencies": { "@radix-ui/react-use-callback-ref": "1.1.1" }, "peerDependencies": { "@types/react": "*", "react": "^16.8 || ^17.0 || ^18.0 || ^19.0 || ^19.0.0-rc" }, "optionalPeers": ["@types/react"] }, "sha512-Il0+boE7w/XebUHyBjroE+DbByORGR9KKmITzbR7MyQ4akpORYP/ZmbhAr0DG7RmmBqoOnZdy2QlvajJ2QA59g=="],

    "@radix-ui/react-use-layout-effect": ["@radix-ui/react-use-layout-effect@1.1.1", "", { "peerDependencies": { "@types/react": "*", "react": "^16.8 || ^17.0 || ^18.0 || ^19.0 || ^19.0.0-rc" }, "optionalPeers": ["@types/react"] }, "sha512-RbJRS4UWQFkzHTTwVymMTUv8EqYhOp8dOOviLj2ugtTiXRaRQS7GLGxZTLL1jWhMeoSCf5zmcZkqTl9IiYfXcQ=="],

    "@radix-ui/react-use-rect": ["@radix-ui/react-use-rect@1.1.1", "", { "dependencies": { "@radix-ui/rect": "1.1.1" }, "peerDependencies": { "@types/react": "*", "react": "^16.8 || ^17.0 || ^18.0 || ^19.0 || ^19.0.0-rc" }, "optionalPeers": ["@types/react"] }, "sha512-QTYuDesS0VtuHNNvMh+CjlKJ4LJickCMUAqjlE3+j8w+RlRpwyX3apEQKGFzbZGdo7XNG1tXa+bQqIE7HIXT2w=="],

    "@radix-ui/react-use-size": ["@radix-ui/react-use-size@1.1.1", "", { "dependencies": { "@radix-ui/react-use-layout-effect": "1.1.1" }, "peerDependencies": { "@types/react": "*", "react": "^16.8 || ^17.0 || ^18.0 || ^19.0 || ^19.0.0-rc" }, "optionalPeers": ["@types/react"] }, "sha512-ewrXRDTAqAXlkl6t/fkXWNAhFX9I+CkKlw6zjEwk86RSPKwZr3xpBRso655aqYafwtnbpHLj6toFzmd6xdVptQ=="],

    "@radix-ui/rect": ["@radix-ui/rect@1.1.1", "", {}, "sha512-HPwpGIzkl28mWyZqG52jiqDJ12waP11Pa1lGoiyUkIEuMLBP0oeK/C89esbXrxsky5we7dfd8U58nm0SgAWpVw=="],

    "@types/json-schema": ["@types/json-schema@7.0.15", "", {}, "sha512-5+fP8P8MFNC+AyZCDxrB2pkZFPGzqQWUzpSeuuVLvm8VMcorNYavBqoFcxK8bQz4Qsbn4oUEEem4wDLfcysGHA=="],

    "aria-hidden": ["aria-hidden@1.2.6", "", { "dependencies": { "tslib": "^2.0.0" } }, "sha512-ik3ZgC9dY/lYVVM++OISsaYDeg1tb0VtP5uL3ouh1koGOaUMDPpbFIei4JkFimWUFPn90sbMNMXQAIVOlnYKJA=="],

    "assistant-stream": ["assistant-stream@0.2.39", "", { "dependencies": { "@types/json-schema": "^7.0.15", "nanoid": "5.1.6", "secure-json-parse": "^4.1.0" } }, "sha512-Vhtgw/hNhsMUxjEKmO8L/MYmQ1vU5M7K1B7TLLcYigivMpo6K5AW6FuxFXBJCLDSN/TJXOmGSWo99Jxbpq2tNw=="],

    "detect-node-es": ["detect-node-es@1.1.0", "", {}, "sha512-ypdmJU/TbBby2Dxibuv7ZLW3Bs1QEmM7nHjEANfohJLvE0XVujisn1qPJcZxg+qDucsr+bP6fLD1rPS3AhJ7EQ=="],

    "get-nonce": ["get-nonce@1.0.1", "", {}, "sha512-FJhYRoDaiatfEkUK8HKlicmu/3SGFD51q3itKDGoSTysQJBnfOcxU5GxnhE1E6soB76MbT0MBtnKJuXyAx+96Q=="],

    "nanoid": ["nanoid@5.1.6", "", { "bin": { "nanoid": "bin/nanoid.js" } }, "sha512-c7+7RQ+dMB5dPwwCp4ee1/iV/q2P6aK1mTZcfr1BTuVlyW9hJYiMPybJCcnBlQtuSmTIWNeazm/zqNoZSSElBg=="],

    "react": ["react@19.2.0", "", {}, "sha512-tmbWg6W31tQLeB5cdIBOicJDJRR2KzXsV7uSK9iNfLWQ5bIZfxuPEHp7M8wiHyHnn0DD1i7w3Zmin0FtkrwoCQ=="],

    "react-dom": ["react-dom@19.2.0", "", { "dependencies": { "scheduler": "^0.27.0" }, "peerDependencies": { "react": "^19.2.0" } }, "sha512-UlbRu4cAiGaIewkPyiRGJk0imDN2T3JjieT6spoL2UeSf5od4n5LB/mQ4ejmxhCFT1tYe8IvaFulzynWovsEFQ=="],

    "react-remove-scroll": ["react-remove-scroll@2.7.1", "", { "dependencies": { "react-remove-scroll-bar": "^2.3.7", "react-style-singleton": "^2.2.3", "tslib": "^2.1.0", "use-callback-ref": "^1.3.3", "use-sidecar": "^1.1.3" }, "peerDependencies": { "@types/react": "*", "react": "^16.8.0 || ^17.0.0 || ^18.0.0 || ^19.0.0 || ^19.0.0-rc" }, "optionalPeers": ["@types/react"] }, "sha512-HpMh8+oahmIdOuS5aFKKY6Pyog+FNaZV/XyJOq7b4YFwsFHe5yYfdbIalI4k3vU2nSDql7YskmUseHsRrJqIPA=="],

    "react-remove-scroll-bar": ["react-remove-scroll-bar@2.3.8", "", { "dependencies": { "react-style-singleton": "^2.2.2", "tslib": "^2.0.0" }, "peerDependencies": { "@types/react": "*", "react": "^16.8.0 || ^17.0.0 || ^18.0.0 || ^19.0.0" }, "optionalPeers": ["@types/react"] }, "sha512-9r+yi9+mgU33AKcj6IbT9oRCO78WriSj6t/cF8DWBZJ9aOGPOTEDvdUDz1FwKim7QXWwmHqtdHnRJfhAxEG46Q=="],

    "react-style-singleton": ["react-style-singleton@2.2.3", "", { "dependencies": { "get-nonce": "^1.0.0", "tslib": "^2.0.0" }, "peerDependencies": { "@types/react": "*", "react": "^16.8.0 || ^17.0.0 || ^18.0.0 || ^19.0.0 || ^19.0.0-rc" }, "optionalPeers": ["@types/react"] }, "sha512-b6jSvxvVnyptAiLjbkWLE/lOnR4lfTtDAl+eUC7RZy+QQWc6wRzIV2CE6xBuMmDxc2qIihtDCZD5NPOFl7fRBQ=="],

    "react-textarea-autosize": ["react-textarea-autosize@8.5.9", "", { "dependencies": { "@babel/runtime": "^7.20.13", "use-composed-ref": "^1.3.0", "use-latest": "^1.2.1" }, "peerDependencies": { "react": "^16.8.0 || ^17.0.0 || ^18.0.0 || ^19.0.0" } }, "sha512-U1DGlIQN5AwgjTyOEnI1oCcMuEr1pv1qOtklB2l4nyMGbHzWrI0eFsYK0zos2YWqAolJyG0IWJaqWmWj5ETh0A=="],

    "scheduler": ["scheduler@0.27.0", "", {}, "sha512-eNv+WrVbKu1f3vbYJT/xtiF5syA5HPIMtf9IgY/nKg0sWqzAUEvqY/xm7OcZc/qafLx/iO9FgOmeSAp4v5ti/Q=="],

    "secure-json-parse": ["secure-json-parse@4.1.0", "", {}, "sha512-l4KnYfEyqYJxDwlNVyRfO2E4NTHfMKAWdUuA8J0yve2Dz/E/PdBepY03RvyJpssIpRFwJoCD55wA+mEDs6ByWA=="],

    "tslib": ["tslib@2.8.1", "", {}, "sha512-oJFu94HQb+KVduSUQL7wnpmqnfmLsOA/nAh6b6EH0wCEoK0/mPeXU6c3wKDV83MkOuHPRHtSXKKU99IBazS/2w=="],

    "use-callback-ref": ["use-callback-ref@1.3.3", "", { "dependencies": { "tslib": "^2.0.0" }, "peerDependencies": { "@types/react": "*", "react": "^16.8.0 || ^17.0.0 || ^18.0.0 || ^19.0.0 || ^19.0.0-rc" }, "optionalPeers": ["@types/react"] }, "sha512-jQL3lRnocaFtu3V00JToYz/4QkNWswxijDaCVNZRiRTO3HQDLsdu1ZtmIUvV4yPp+rvWm5j0y0TG/S61cuijTg=="],

    "use-composed-ref": ["use-composed-ref@1.4.0", "", { "peerDependencies": { "react": "^16.8.0 || ^17.0.0 || ^18.0.0 || ^19.0.0" } }, "sha512-djviaxuOOh7wkj0paeO1Q/4wMZ8Zrnag5H6yBvzN7AKKe8beOaED9SF5/ByLqsku8NP4zQqsvM2u3ew/tJK8/w=="],

    "use-isomorphic-layout-effect": ["use-isomorphic-layout-effect@1.2.1", "", { "peerDependencies": { "react": "^16.8.0 || ^17.0.0 || ^18.0.0 || ^19.0.0" } }, "sha512-tpZZ+EX0gaghDAiFR37hj5MgY6ZN55kLiPkJsKxBMZ6GZdOSPJXiOzPM984oPYZ5AnehYx5WQp1+ME8I/P/pRA=="],

    "use-latest": ["use-latest@1.3.0", "", { "dependencies": { "use-isomorphic-layout-effect": "^1.1.1" }, "peerDependencies": { "react": "^16.8.0 || ^17.0.0 || ^18.0.0 || ^19.0.0" } }, "sha512-mhg3xdm9NaM8q+gLT8KryJPnRFOz1/5XPBhmDEVZK1webPzDjrPk7f/mbpeLqTgB9msytYWANxgALOCJKnLvcQ=="],

    "use-sidecar": ["use-sidecar@1.1.3", "", { "dependencies": { "detect-node-es": "^1.1.0", "tslib": "^2.0.0" }, "peerDependencies": { "@types/react": "*", "react": "^16.8.0 || ^17.0.0 || ^18.0.0 || ^19.0.0 || ^19.0.0-rc" }, "optionalPeers": ["@types/react"] }, "sha512-Fedw0aZvkhynoPYlA5WXrMCAMm+nSWdZt6lzJQ7Ok8S6Q+VsHmHpRWndVRJ8Be0ZbkfPc5LRYH+5XrzXcEeLRQ=="],

    "zod": ["zod@4.1.12", "", {}, "sha512-JInaHOamG8pt5+Ey8kGmdcAcg3OL9reK8ltczgHTAwNhMys/6ThXHityHxVV2p3fkw/c+MAvBHFVYHFZDmjMCQ=="],

    "zustand": ["zustand@5.0.8", "", { "peerDependencies": { "@types/react": ">=18.0.0", "immer": ">=9.0.6", "react": ">=18.0.0", "use-sync-external-store": ">=1.2.0" }, "optionalPeers": ["@types/react", "immer", "react", "use-sync-external-store"] }, "sha512-gyPKpIaxY9XcO2vSMrLbiER7QMAMGOQZVRdJ6Zi782jkbzZygq5GI9nG8g+sMgitRtndwaBSl7uiqC49o1SSiw=="],

    "@radix-ui/react-arrow/@radix-ui/react-primitive": ["@radix-ui/react-primitive@2.1.3", "", { "dependencies": { "@radix-ui/react-slot": "1.2.3" }, "peerDependencies": { "@types/react": "*", "@types/react-dom": "*", "react": "^16.8 || ^17.0 || ^18.0 || ^19.0 || ^19.0.0-rc", "react-dom": "^16.8 || ^17.0 || ^18.0 || ^19.0 || ^19.0.0-rc" }, "optionalPeers": ["@types/react", "@types/react-dom"] }, "sha512-m9gTwRkhy2lvCPe6QJp4d3G1TYEUHn/FzJUtq9MjH46an1wJU+GdoGC5VLof8RX8Ft/DlpshApkhswDLZzHIcQ=="],

    "@radix-ui/react-dismissable-layer/@radix-ui/react-primitive": ["@radix-ui/react-primitive@2.1.3", "", { "dependencies": { "@radix-ui/react-slot": "1.2.3" }, "peerDependencies": { "@types/react": "*", "@types/react-dom": "*", "react": "^16.8 || ^17.0 || ^18.0 || ^19.0 || ^19.0.0-rc", "react-dom": "^16.8 || ^17.0 || ^18.0 || ^19.0 || ^19.0.0-rc" }, "optionalPeers": ["@types/react", "@types/react-dom"] }, "sha512-m9gTwRkhy2lvCPe6QJp4d3G1TYEUHn/FzJUtq9MjH46an1wJU+GdoGC5VLof8RX8Ft/DlpshApkhswDLZzHIcQ=="],

    "@radix-ui/react-focus-scope/@radix-ui/react-primitive": ["@radix-ui/react-primitive@2.1.3", "", { "dependencies": { "@radix-ui/react-slot": "1.2.3" }, "peerDependencies": { "@types/react": "*", "@types/react-dom": "*", "react": "^16.8 || ^17.0 || ^18.0 || ^19.0 || ^19.0.0-rc", "react-dom": "^16.8 || ^17.0 || ^18.0 || ^19.0 || ^19.0.0-rc" }, "optionalPeers": ["@types/react", "@types/react-dom"] }, "sha512-m9gTwRkhy2lvCPe6QJp4d3G1TYEUHn/FzJUtq9MjH46an1wJU+GdoGC5VLof8RX8Ft/DlpshApkhswDLZzHIcQ=="],

    "@radix-ui/react-popover/@radix-ui/react-context": ["@radix-ui/react-context@1.1.2", "", { "peerDependencies": { "@types/react": "*", "react": "^16.8 || ^17.0 || ^18.0 || ^19.0 || ^19.0.0-rc" }, "optionalPeers": ["@types/react"] }, "sha512-jCi/QKUM2r1Ju5a3J64TH2A5SpKAgh0LpknyqdQ4m6DCV0xJ2HG1xARRwNGPQfi1SLdLWZ1OJz6F4OMBBNiGJA=="],

    "@radix-ui/react-popover/@radix-ui/react-primitive": ["@radix-ui/react-primitive@2.1.3", "", { "dependencies": { "@radix-ui/react-slot": "1.2.3" }, "peerDependencies": { "@types/react": "*", "@types/react-dom": "*", "react": "^16.8 || ^17.0 || ^18.0 || ^19.0 || ^19.0.0-rc", "react-dom": "^16.8 || ^17.0 || ^18.0 || ^19.0 || ^19.0.0-rc" }, "optionalPeers": ["@types/react", "@types/react-dom"] }, "sha512-m9gTwRkhy2lvCPe6QJp4d3G1TYEUHn/FzJUtq9MjH46an1wJU+GdoGC5VLof8RX8Ft/DlpshApkhswDLZzHIcQ=="],

    "@radix-ui/react-popover/@radix-ui/react-slot": ["@radix-ui/react-slot@1.2.3", "", { "dependencies": { "@radix-ui/react-compose-refs": "1.1.2" }, "peerDependencies": { "@types/react": "*", "react": "^16.8 || ^17.0 || ^18.0 || ^19.0 || ^19.0.0-rc" }, "optionalPeers": ["@types/react"] }, "sha512-aeNmHnBxbi2St0au6VBVC7JXFlhLlOnvIIlePNniyUNAClzmtAUEY8/pBiK3iHjufOlwA+c20/8jngo7xcrg8A=="],

    "@radix-ui/react-popper/@radix-ui/react-context": ["@radix-ui/react-context@1.1.2", "", { "peerDependencies": { "@types/react": "*", "react": "^16.8 || ^17.0 || ^18.0 || ^19.0 || ^19.0.0-rc" }, "optionalPeers": ["@types/react"] }, "sha512-jCi/QKUM2r1Ju5a3J64TH2A5SpKAgh0LpknyqdQ4m6DCV0xJ2HG1xARRwNGPQfi1SLdLWZ1OJz6F4OMBBNiGJA=="],

    "@radix-ui/react-popper/@radix-ui/react-primitive": ["@radix-ui/react-primitive@2.1.3", "", { "dependencies": { "@radix-ui/react-slot": "1.2.3" }, "peerDependencies": { "@types/react": "*", "@types/react-dom": "*", "react": "^16.8 || ^17.0 || ^18.0 || ^19.0 || ^19.0.0-rc", "react-dom": "^16.8 || ^17.0 || ^18.0 || ^19.0 || ^19.0.0-rc" }, "optionalPeers": ["@types/react", "@types/react-dom"] }, "sha512-m9gTwRkhy2lvCPe6QJp4d3G1TYEUHn/FzJUtq9MjH46an1wJU+GdoGC5VLof8RX8Ft/DlpshApkhswDLZzHIcQ=="],

    "@radix-ui/react-portal/@radix-ui/react-primitive": ["@radix-ui/react-primitive@2.1.3", "", { "dependencies": { "@radix-ui/react-slot": "1.2.3" }, "peerDependencies": { "@types/react": "*", "@types/react-dom": "*", "react": "^16.8 || ^17.0 || ^18.0 || ^19.0 || ^19.0.0-rc", "react-dom": "^16.8 || ^17.0 || ^18.0 || ^19.0 || ^19.0.0-rc" }, "optionalPeers": ["@types/react", "@types/react-dom"] }, "sha512-m9gTwRkhy2lvCPe6QJp4d3G1TYEUHn/FzJUtq9MjH46an1wJU+GdoGC5VLof8RX8Ft/DlpshApkhswDLZzHIcQ=="],

    "@radix-ui/react-arrow/@radix-ui/react-primitive/@radix-ui/react-slot": ["@radix-ui/react-slot@1.2.3", "", { "dependencies": { "@radix-ui/react-compose-refs": "1.1.2" }, "peerDependencies": { "@types/react": "*", "react": "^16.8 || ^17.0 || ^18.0 || ^19.0 || ^19.0.0-rc" }, "optionalPeers": ["@types/react"] }, "sha512-aeNmHnBxbi2St0au6VBVC7JXFlhLlOnvIIlePNniyUNAClzmtAUEY8/pBiK3iHjufOlwA+c20/8jngo7xcrg8A=="],

    "@radix-ui/react-dismissable-layer/@radix-ui/react-primitive/@radix-ui/react-slot": ["@radix-ui/react-slot@1.2.3", "", { "dependencies": { "@radix-ui/react-compose-refs": "1.1.2" }, "peerDependencies": { "@types/react": "*", "react": "^16.8 || ^17.0 || ^18.0 || ^19.0 || ^19.0.0-rc" }, "optionalPeers": ["@types/react"] }, "sha512-aeNmHnBxbi2St0au6VBVC7JXFlhLlOnvIIlePNniyUNAClzmtAUEY8/pBiK3iHjufOlwA+c20/8jngo7xcrg8A=="],

    "@radix-ui/react-focus-scope/@radix-ui/react-primitive/@radix-ui/react-slot": ["@radix-ui/react-slot@1.2.3", "", { "dependencies": { "@radix-ui/react-compose-refs": "1.1.2" }, "peerDependencies": { "@types/react": "*", "react": "^16.8 || ^17.0 || ^18.0 || ^19.0 || ^19.0.0-rc" }, "optionalPeers": ["@types/react"] }, "sha512-aeNmHnBxbi2St0au6VBVC7JXFlhLlOnvIIlePNniyUNAClzmtAUEY8/pBiK3iHjufOlwA+c20/8jngo7xcrg8A=="],

    "@radix-ui/react-popper/@radix-ui/react-primitive/@radix-ui/react-slot": ["@radix-ui/react-slot@1.2.3", "", { "dependencies": { "@radix-ui/react-compose-refs": "1.1.2" }, "peerDependencies": { "@types/react": "*", "react": "^16.8 || ^17.0 || ^18.0 || ^19.0 || ^19.0.0-rc" }, "optionalPeers": ["@types/react"] }, "sha512-aeNmHnBxbi2St0au6VBVC7JXFlhLlOnvIIlePNniyUNAClzmtAUEY8/pBiK3iHjufOlwA+c20/8jngo7xcrg8A=="],

    "@radix-ui/react-portal/@radix-ui/react-primitive/@radix-ui/react-slot": ["@radix-ui/react-slot@1.2.3", "", { "dependencies": { "@radix-ui/react-compose-refs": "1.1.2" }, "peerDependencies": { "@types/react": "*", "react": "^16.8 || ^17.0 || ^18.0 || ^19.0 || ^19.0.0-rc" }, "optionalPeers": ["@types/react"] }, "sha512-aeNmHnBxbi2St0au6VBVC7JXFlhLlOnvIIlePNniyUNAClzmtAUEY8/pBiK3iHjufOlwA+c20/8jngo7xcrg8A=="],
  }
}
